<?xml version="1.0" encoding="utf-8"?>
<Project ToolsVersion="4.0" xmlns="http://schemas.microsoft.com/developer/msbuild/2003">
  <ItemGroup>
    <Filter Include="Header Files">
      <UniqueIdentifier>{e850f24d-093f-4c30-a99c-413a7dfa71b8}</UniqueIdentifier>
    </Filter>
    <Filter Include="Resource Files">
      <UniqueIdentifier>{f18cd969-acc3-480c-9147-ea3ae1c8ba92}</UniqueIdentifier>
    </Filter>
    <Filter Include="Source Files">
      <UniqueIdentifier>{bdd0568e-d423-4fcc-affe-6ba0c2a40f78}</UniqueIdentifier>
    </Filter>
    <Filter Include="Source Files\mpf">
      <UniqueIdentifier>{8b05f417-d919-4ea6-931f-3262aa26697b}</UniqueIdentifier>
    </Filter>
    <Filter Include="Header Files\mpf">
      <UniqueIdentifier>{2634c01a-3223-4391-ae7e-9548ff10e9da}</UniqueIdentifier>
    </Filter>
    <Filter Include="Source Files\mpq">
      <UniqueIdentifier>{ed9663a9-86f2-46d7-a35f-f3e138e7c9a2}</UniqueIdentifier>
    </Filter>
    <Filter Include="Source Files\mpz">
      <UniqueIdentifier>{553b1a88-7119-40a5-9d85-7dbfaf80ba78}</UniqueIdentifier>
    </Filter>
    <Filter Include="Header Files\mpz">
      <UniqueIdentifier>{0fac6710-a7c5-4cf3-8652-00499b5c1320}</UniqueIdentifier>
    </Filter>
    <Filter Include="Source Files\printf">
      <UniqueIdentifier>{2d6ee7be-e02a-4d3b-99ca-2e53e34317e1}</UniqueIdentifier>
    </Filter>
    <Filter Include="Source Files\rand">
      <UniqueIdentifier>{55e7bf08-a88a-43e3-822a-a82854b91482}</UniqueIdentifier>
    </Filter>
    <Filter Include="Header Files\rand">
      <UniqueIdentifier>{4ba57ad3-b559-4b01-bd74-f86543e84f68}</UniqueIdentifier>
    </Filter>
    <Filter Include="Source Files\scanf">
      <UniqueIdentifier>{436933a6-59c0-443b-a260-302e90a72512}</UniqueIdentifier>
    </Filter>
    <Filter Include="Source Files\mpn">
      <UniqueIdentifier>{74d58b68-dc90-45b5-a87f-a0f34193854d}</UniqueIdentifier>
    </Filter>
    <Filter Include="Header Files\mpn">
      <UniqueIdentifier>{cfae7b2c-37c2-4d27-87fa-129ec5789a6c}</UniqueIdentifier>
    </Filter>
    <Filter Include="Source Files\mpn\generic">
      <UniqueIdentifier>{2f480092-cafb-4eba-95f5-8e9bed93331e}</UniqueIdentifier>
    </Filter>
    <Filter Include="Source Files\mpn\x86">
      <UniqueIdentifier>{d8815d62-b0e7-40a5-b5e7-50a32297b021}</UniqueIdentifier>
    </Filter>
    <Filter Include="Source Files\mpn\x86_64">
      <UniqueIdentifier>{55fc46ef-b616-4264-99fb-46d34c4e4e2a}</UniqueIdentifier>
    </Filter>
    <Filter Include="Header Files\mpn\x86">
      <UniqueIdentifier>{31695252-6539-475f-aa56-81ec7bc27230}</UniqueIdentifier>
    </Filter>
    <Filter Include="Header Files\mpn\x86_64">
      <UniqueIdentifier>{97b7147a-9665-4a85-b688-69fc54cc9f64}</UniqueIdentifier>
    </Filter>
    <Filter Include="Header Files\x86">
      <UniqueIdentifier>{1e59ea0a-b3ce-4a44-b10d-74339c7e1286}</UniqueIdentifier>
    </Filter>
    <Filter Include="Header Files\x86-64">
      <UniqueIdentifier>{a4c980ad-03c9-4f1a-9a3a-29d22bc39b00}</UniqueIdentifier>
    </Filter>
    <Filter Include="Source Files\cxx">
      <UniqueIdentifier>{16be2467-e85c-4d91-abf5-345ebeef9b75}</UniqueIdentifier>
    </Filter>
  </ItemGroup>
  <ItemGroup>
    <ClCompile Include="..\mpf\fits_sint.c">
      <Filter>Source Files\mpf</Filter>
    </ClCompile>
    <ClCompile Include="..\mpf\fits_slong.c">
      <Filter>Source Files\mpf</Filter>
    </ClCompile>
    <ClCompile Include="..\mpf\fits_sshort.c">
      <Filter>Source Files\mpf</Filter>
    </ClCompile>
    <ClCompile Include="..\mpf\fits_uint.c">
      <Filter>Source Files\mpf</Filter>
    </ClCompile>
    <ClCompile Include="..\mpf\fits_ulong.c">
      <Filter>Source Files\mpf</Filter>
    </ClCompile>
    <ClCompile Include="..\mpf\fits_ushort.c">
      <Filter>Source Files\mpf</Filter>
    </ClCompile>
    <ClCompile Include="..\mpf\get_d.c">
      <Filter>Source Files\mpf</Filter>
    </ClCompile>
    <ClCompile Include="..\mpf\get_d_2exp.c">
      <Filter>Source Files\mpf</Filter>
    </ClCompile>
    <ClCompile Include="..\mpf\get_dfl_prec.c">
      <Filter>Source Files\mpf</Filter>
    </ClCompile>
    <ClCompile Include="..\mpf\get_prc.c">
      <Filter>Source Files\mpf</Filter>
    </ClCompile>
    <ClCompile Include="..\mpf\get_si.c">
      <Filter>Source Files\mpf</Filter>
    </ClCompile>
    <ClCompile Include="..\mpf\get_str.c">
      <Filter>Source Files\mpf</Filter>
    </ClCompile>
    <ClCompile Include="..\mpf\get_ui.c">
      <Filter>Source Files\mpf</Filter>
    </ClCompile>
    <ClCompile Include="..\mpf\init.c">
      <Filter>Source Files\mpf</Filter>
    </ClCompile>
    <ClCompile Include="..\mpf\init2.c">
      <Filter>Source Files\mpf</Filter>
    </ClCompile>
    <ClCompile Include="..\mpf\inits.c">
      <Filter>Source Files\mpf</Filter>
    </ClCompile>
    <ClCompile Include="..\mpf\inp_str.c">
      <Filter>Source Files\mpf</Filter>
    </ClCompile>
    <ClCompile Include="..\mpf\int_p.c">
      <Filter>Source Files\mpf</Filter>
    </ClCompile>
    <ClCompile Include="..\mpf\iset.c">
      <Filter>Source Files\mpf</Filter>
    </ClCompile>
    <ClCompile Include="..\mpf\iset_d.c">
      <Filter>Source Files\mpf</Filter>
    </ClCompile>
    <ClCompile Include="..\mpf\iset_si.c">
      <Filter>Source Files\mpf</Filter>
    </ClCompile>
    <ClCompile Include="..\mpf\iset_str.c">
      <Filter>Source Files\mpf</Filter>
    </ClCompile>
    <ClCompile Include="..\mpf\iset_ui.c">
      <Filter>Source Files\mpf</Filter>
    </ClCompile>
    <ClCompile Include="..\mpf\mul.c">
      <Filter>Source Files\mpf</Filter>
    </ClCompile>
    <ClCompile Include="..\mpf\mul_2exp.c">
      <Filter>Source Files\mpf</Filter>
    </ClCompile>
    <ClCompile Include="..\mpf\mul_ui.c">
      <Filter>Source Files\mpf</Filter>
    </ClCompile>
    <ClCompile Include="..\mpf\neg.c">
      <Filter>Source Files\mpf</Filter>
    </ClCompile>
    <ClCompile Include="..\mpf\out_str.c">
      <Filter>Source Files\mpf</Filter>
    </ClCompile>
    <ClCompile Include="..\mpf\pow_ui.c">
      <Filter>Source Files\mpf</Filter>
    </ClCompile>
    <ClCompile Include="..\mpf\random2.c">
      <Filter>Source Files\mpf</Filter>
    </ClCompile>
    <ClCompile Include="..\mpf\reldiff.c">
      <Filter>Source Files\mpf</Filter>
    </ClCompile>
    <ClCompile Include="..\mpf\set.c">
      <Filter>Source Files\mpf</Filter>
    </ClCompile>
    <ClCompile Include="..\mpf\set_d.c">
      <Filter>Source Files\mpf</Filter>
    </ClCompile>
    <ClCompile Include="..\mpf\set_dfl_prec.c">
      <Filter>Source Files\mpf</Filter>
    </ClCompile>
    <ClCompile Include="..\mpf\set_prc.c">
      <Filter>Source Files\mpf</Filter>
    </ClCompile>
    <ClCompile Include="..\mpf\set_prc_raw.c">
      <Filter>Source Files\mpf</Filter>
    </ClCompile>
    <ClCompile Include="..\mpf\set_q.c">
      <Filter>Source Files\mpf</Filter>
    </ClCompile>
    <ClCompile Include="..\mpf\set_si.c">
      <Filter>Source Files\mpf</Filter>
    </ClCompile>
    <ClCompile Include="..\mpf\set_str.c">
      <Filter>Source Files\mpf</Filter>
    </ClCompile>
    <ClCompile Include="..\mpf\set_ui.c">
      <Filter>Source Files\mpf</Filter>
    </ClCompile>
    <ClCompile Include="..\mpf\set_z.c">
      <Filter>Source Files\mpf</Filter>
    </ClCompile>
    <ClCompile Include="..\mpf\size.c">
      <Filter>Source Files\mpf</Filter>
    </ClCompile>
    <ClCompile Include="..\mpf\sqrt.c">
      <Filter>Source Files\mpf</Filter>
    </ClCompile>
    <ClCompile Include="..\mpf\sqrt_ui.c">
      <Filter>Source Files\mpf</Filter>
    </ClCompile>
    <ClCompile Include="..\mpf\sub.c">
      <Filter>Source Files\mpf</Filter>
    </ClCompile>
    <ClCompile Include="..\mpf\sub_ui.c">
      <Filter>Source Files\mpf</Filter>
    </ClCompile>
    <ClCompile Include="..\mpf\swap.c">
      <Filter>Source Files\mpf</Filter>
    </ClCompile>
    <ClCompile Include="..\mpf\trunc.c">
      <Filter>Source Files\mpf</Filter>
    </ClCompile>
    <ClCompile Include="..\mpf\ui_div.c">
      <Filter>Source Files\mpf</Filter>
    </ClCompile>
    <ClCompile Include="..\mpf\ui_sub.c">
      <Filter>Source Files\mpf</Filter>
    </ClCompile>
    <ClCompile Include="..\mpf\urandomb.c">
      <Filter>Source Files\mpf</Filter>
    </ClCompile>
    <ClCompile Include="..\mpf\abs.c">
      <Filter>Source Files\mpf</Filter>
    </ClCompile>
    <ClCompile Include="..\mpf\add.c">
      <Filter>Source Files\mpf</Filter>
    </ClCompile>
    <ClCompile Include="..\mpf\add_ui.c">
      <Filter>Source Files\mpf</Filter>
    </ClCompile>
    <ClCompile Include="..\mpf\ceilfloor.c">
      <Filter>Source Files\mpf</Filter>
    </ClCompile>
    <ClCompile Include="..\mpf\clear.c">
      <Filter>Source Files\mpf</Filter>
    </ClCompile>
    <ClCompile Include="..\mpf\clears.c">
      <Filter>Source Files\mpf</Filter>
    </ClCompile>
    <ClCompile Include="..\mpf\cmp.c">
      <Filter>Source Files\mpf</Filter>
    </ClCompile>
    <ClCompile Include="..\mpf\cmp_d.c">
      <Filter>Source Files\mpf</Filter>
    </ClCompile>
    <ClCompile Include="..\mpf\cmp_si.c">
      <Filter>Source Files\mpf</Filter>
    </ClCompile>
    <ClCompile Include="..\mpf\cmp_ui.c">
      <Filter>Source Files\mpf</Filter>
    </ClCompile>
    <ClCompile Include="..\mpf\div.c">
      <Filter>Source Files\mpf</Filter>
    </ClCompile>
    <ClCompile Include="..\mpf\div_2exp.c">
      <Filter>Source Files\mpf</Filter>
    </ClCompile>
    <ClCompile Include="..\mpf\div_ui.c">
      <Filter>Source Files\mpf</Filter>
    </ClCompile>
    <ClCompile Include="..\mpf\dump.c">
      <Filter>Source Files\mpf</Filter>
    </ClCompile>
    <ClCompile Include="..\mpf\eq.c">
      <Filter>Source Files\mpf</Filter>
    </ClCompile>
    <ClCompile Include="..\mpq\equal.c">
      <Filter>Source Files\mpq</Filter>
    </ClCompile>
    <ClCompile Include="..\mpq\get_d.c">
      <Filter>Source Files\mpq</Filter>
    </ClCompile>
    <ClCompile Include="..\mpq\get_den.c">
      <Filter>Source Files\mpq</Filter>
    </ClCompile>
    <ClCompile Include="..\mpq\get_num.c">
      <Filter>Source Files\mpq</Filter>
    </ClCompile>
    <ClCompile Include="..\mpq\get_str.c">
      <Filter>Source Files\mpq</Filter>
    </ClCompile>
    <ClCompile Include="..\mpq\init.c">
      <Filter>Source Files\mpq</Filter>
    </ClCompile>
    <ClCompile Include="..\mpq\inits.c">
      <Filter>Source Files\mpq</Filter>
    </ClCompile>
    <ClCompile Include="..\mpq\inp_str.c">
      <Filter>Source Files\mpq</Filter>
    </ClCompile>
    <ClCompile Include="..\mpq\inv.c">
      <Filter>Source Files\mpq</Filter>
    </ClCompile>
    <ClCompile Include="..\mpq\md_2exp.c">
      <Filter>Source Files\mpq</Filter>
    </ClCompile>
    <ClCompile Include="..\mpq\mul.c">
      <Filter>Source Files\mpq</Filter>
    </ClCompile>
    <ClCompile Include="..\mpq\neg.c">
      <Filter>Source Files\mpq</Filter>
    </ClCompile>
    <ClCompile Include="..\mpq\out_str.c">
      <Filter>Source Files\mpq</Filter>
    </ClCompile>
    <ClCompile Include="..\mpq\set.c">
      <Filter>Source Files\mpq</Filter>
    </ClCompile>
    <ClCompile Include="..\mpq\set_d.c">
      <Filter>Source Files\mpq</Filter>
    </ClCompile>
    <ClCompile Include="..\mpq\set_den.c">
      <Filter>Source Files\mpq</Filter>
    </ClCompile>
    <ClCompile Include="..\mpq\set_f.c">
      <Filter>Source Files\mpq</Filter>
    </ClCompile>
    <ClCompile Include="..\mpq\set_num.c">
      <Filter>Source Files\mpq</Filter>
    </ClCompile>
    <ClCompile Include="..\mpq\set_si.c">
      <Filter>Source Files\mpq</Filter>
    </ClCompile>
    <ClCompile Include="..\mpq\set_str.c">
      <Filter>Source Files\mpq</Filter>
    </ClCompile>
    <ClCompile Include="..\mpq\set_ui.c">
      <Filter>Source Files\mpq</Filter>
    </ClCompile>
    <ClCompile Include="..\mpq\set_z.c">
      <Filter>Source Files\mpq</Filter>
    </ClCompile>
    <ClCompile Include="..\mpq\swap.c">
      <Filter>Source Files\mpq</Filter>
    </ClCompile>
    <ClCompile Include="..\mpq\abs.c">
      <Filter>Source Files\mpq</Filter>
    </ClCompile>
    <ClCompile Include="..\mpq\aors.c">
      <Filter>Source Files\mpq</Filter>
    </ClCompile>
    <ClCompile Include="..\mpq\canonicalize.c">
      <Filter>Source Files\mpq</Filter>
    </ClCompile>
    <ClCompile Include="..\mpq\clear.c">
      <Filter>Source Files\mpq</Filter>
    </ClCompile>
    <ClCompile Include="..\mpq\clears.c">
      <Filter>Source Files\mpq</Filter>
    </ClCompile>
    <ClCompile Include="..\mpq\cmp.c">
      <Filter>Source Files\mpq</Filter>
    </ClCompile>
    <ClCompile Include="..\mpq\cmp_si.c">
      <Filter>Source Files\mpq</Filter>
    </ClCompile>
    <ClCompile Include="..\mpq\cmp_ui.c">
      <Filter>Source Files\mpq</Filter>
    </ClCompile>
    <ClCompile Include="..\mpq\div.c">
      <Filter>Source Files\mpq</Filter>
    </ClCompile>
    <ClCompile Include="..\mpz\set_str.c">
      <Filter>Source Files\mpz</Filter>
    </ClCompile>
    <ClCompile Include="..\mpz\set_ui.c">
      <Filter>Source Files\mpz</Filter>
    </ClCompile>
    <ClCompile Include="..\mpz\setbit.c">
      <Filter>Source Files\mpz</Filter>
    </ClCompile>
    <ClCompile Include="..\mpz\size.c">
      <Filter>Source Files\mpz</Filter>
    </ClCompile>
    <ClCompile Include="..\mpz\sizeinbase.c">
      <Filter>Source Files\mpz</Filter>
    </ClCompile>
    <ClCompile Include="..\mpz\sqrt.c">
      <Filter>Source Files\mpz</Filter>
    </ClCompile>
    <ClCompile Include="..\mpz\sqrtrem.c">
      <Filter>Source Files\mpz</Filter>
    </ClCompile>
    <ClCompile Include="..\mpz\sub.c">
      <Filter>Source Files\mpz</Filter>
    </ClCompile>
    <ClCompile Include="..\mpz\sub_ui.c">
      <Filter>Source Files\mpz</Filter>
    </ClCompile>
    <ClCompile Include="..\mpz\swap.c">
      <Filter>Source Files\mpz</Filter>
    </ClCompile>
    <ClCompile Include="..\mpz\tdiv_q.c">
      <Filter>Source Files\mpz</Filter>
    </ClCompile>
    <ClCompile Include="..\mpz\tdiv_q_2exp.c">
      <Filter>Source Files\mpz</Filter>
    </ClCompile>
    <ClCompile Include="..\mpz\tdiv_q_ui.c">
      <Filter>Source Files\mpz</Filter>
    </ClCompile>
    <ClCompile Include="..\mpz\tdiv_qr.c">
      <Filter>Source Files\mpz</Filter>
    </ClCompile>
    <ClCompile Include="..\mpz\tdiv_qr_ui.c">
      <Filter>Source Files\mpz</Filter>
    </ClCompile>
    <ClCompile Include="..\mpz\tdiv_r.c">
      <Filter>Source Files\mpz</Filter>
    </ClCompile>
    <ClCompile Include="..\mpz\tdiv_r_2exp.c">
      <Filter>Source Files\mpz</Filter>
    </ClCompile>
    <ClCompile Include="..\mpz\tdiv_r_ui.c">
      <Filter>Source Files\mpz</Filter>
    </ClCompile>
    <ClCompile Include="..\mpz\tdiv_ui.c">
      <Filter>Source Files\mpz</Filter>
    </ClCompile>
    <ClCompile Include="..\mpz\tstbit.c">
      <Filter>Source Files\mpz</Filter>
    </ClCompile>
    <ClCompile Include="..\mpz\ui_pow_ui.c">
      <Filter>Source Files\mpz</Filter>
    </ClCompile>
    <ClCompile Include="..\mpz\ui_sub.c">
      <Filter>Source Files\mpz</Filter>
    </ClCompile>
    <ClCompile Include="..\mpz\urandomb.c">
      <Filter>Source Files\mpz</Filter>
    </ClCompile>
    <ClCompile Include="..\mpz\urandomm.c">
      <Filter>Source Files\mpz</Filter>
    </ClCompile>
    <ClCompile Include="..\mpz\xor.c">
      <Filter>Source Files\mpz</Filter>
    </ClCompile>
    <ClCompile Include="..\mpz\2fac_ui.c">
      <Filter>Source Files\mpz</Filter>
    </ClCompile>
    <ClCompile Include="..\mpz\abs.c">
      <Filter>Source Files\mpz</Filter>
    </ClCompile>
    <ClCompile Include="..\mpz\add.c">
      <Filter>Source Files\mpz</Filter>
    </ClCompile>
    <ClCompile Include="..\mpz\add_ui.c">
      <Filter>Source Files\mpz</Filter>
    </ClCompile>
    <ClCompile Include="..\mpz\and.c">
      <Filter>Source Files\mpz</Filter>
    </ClCompile>
    <ClCompile Include="..\mpz\aorsmul.c">
      <Filter>Source Files\mpz</Filter>
    </ClCompile>
    <ClCompile Include="..\mpz\aorsmul_i.c">
      <Filter>Source Files\mpz</Filter>
    </ClCompile>
    <ClCompile Include="..\mpz\array_init.c">
      <Filter>Source Files\mpz</Filter>
    </ClCompile>
    <ClCompile Include="..\mpz\bin_ui.c">
      <Filter>Source Files\mpz</Filter>
    </ClCompile>
    <ClCompile Include="..\mpz\bin_uiui.c">
      <Filter>Source Files\mpz</Filter>
    </ClCompile>
    <ClCompile Include="..\mpz\cdiv_q.c">
      <Filter>Source Files\mpz</Filter>
    </ClCompile>
    <ClCompile Include="..\mpz\cdiv_q_ui.c">
      <Filter>Source Files\mpz</Filter>
    </ClCompile>
    <ClCompile Include="..\mpz\cdiv_qr.c">
      <Filter>Source Files\mpz</Filter>
    </ClCompile>
    <ClCompile Include="..\mpz\cdiv_qr_ui.c">
      <Filter>Source Files\mpz</Filter>
    </ClCompile>
    <ClCompile Include="..\mpz\cdiv_r.c">
      <Filter>Source Files\mpz</Filter>
    </ClCompile>
    <ClCompile Include="..\mpz\cdiv_r_ui.c">
      <Filter>Source Files\mpz</Filter>
    </ClCompile>
    <ClCompile Include="..\mpz\cdiv_ui.c">
      <Filter>Source Files\mpz</Filter>
    </ClCompile>
    <ClCompile Include="..\mpz\cfdiv_q_2exp.c">
      <Filter>Source Files\mpz</Filter>
    </ClCompile>
    <ClCompile Include="..\mpz\cfdiv_r_2exp.c">
      <Filter>Source Files\mpz</Filter>
    </ClCompile>
    <ClCompile Include="..\mpz\clear.c">
      <Filter>Source Files\mpz</Filter>
    </ClCompile>
    <ClCompile Include="..\mpz\clears.c">
      <Filter>Source Files\mpz</Filter>
    </ClCompile>
    <ClCompile Include="..\mpz\clrbit.c">
      <Filter>Source Files\mpz</Filter>
    </ClCompile>
    <ClCompile Include="..\mpz\cmp.c">
      <Filter>Source Files\mpz</Filter>
    </ClCompile>
    <ClCompile Include="..\mpz\cmp_d.c">
      <Filter>Source Files\mpz</Filter>
    </ClCompile>
    <ClCompile Include="..\mpz\cmp_si.c">
      <Filter>Source Files\mpz</Filter>
    </ClCompile>
    <ClCompile Include="..\mpz\cmp_ui.c">
      <Filter>Source Files\mpz</Filter>
    </ClCompile>
    <ClCompile Include="..\mpz\cmpabs.c">
      <Filter>Source Files\mpz</Filter>
    </ClCompile>
    <ClCompile Include="..\mpz\cmpabs_d.c">
      <Filter>Source Files\mpz</Filter>
    </ClCompile>
    <ClCompile Include="..\mpz\cmpabs_ui.c">
      <Filter>Source Files\mpz</Filter>
    </ClCompile>
    <ClCompile Include="..\mpz\com.c">
      <Filter>Source Files\mpz</Filter>
    </ClCompile>
    <ClCompile Include="..\mpz\combit.c">
      <Filter>Source Files\mpz</Filter>
    </ClCompile>
    <ClCompile Include="..\mpz\cong.c">
      <Filter>Source Files\mpz</Filter>
    </ClCompile>
    <ClCompile Include="..\mpz\cong_2exp.c">
      <Filter>Source Files\mpz</Filter>
    </ClCompile>
    <ClCompile Include="..\mpz\cong_ui.c">
      <Filter>Source Files\mpz</Filter>
    </ClCompile>
    <ClCompile Include="..\mpz\dive_ui.c">
      <Filter>Source Files\mpz</Filter>
    </ClCompile>
    <ClCompile Include="..\mpz\divegcd.c">
      <Filter>Source Files\mpz</Filter>
    </ClCompile>
    <ClCompile Include="..\mpz\divexact.c">
      <Filter>Source Files\mpz</Filter>
    </ClCompile>
    <ClCompile Include="..\mpz\divis.c">
      <Filter>Source Files\mpz</Filter>
    </ClCompile>
    <ClCompile Include="..\mpz\divis_2exp.c">
      <Filter>Source Files\mpz</Filter>
    </ClCompile>
    <ClCompile Include="..\mpz\divis_ui.c">
      <Filter>Source Files\mpz</Filter>
    </ClCompile>
    <ClCompile Include="..\mpz\dump.c">
      <Filter>Source Files\mpz</Filter>
    </ClCompile>
    <ClCompile Include="..\mpz\export.c">
      <Filter>Source Files\mpz</Filter>
    </ClCompile>
    <ClCompile Include="..\mpz\fac_ui.c">
      <Filter>Source Files\mpz</Filter>
    </ClCompile>
    <ClCompile Include="..\mpz\fdiv_q.c">
      <Filter>Source Files\mpz</Filter>
    </ClCompile>
    <ClCompile Include="..\mpz\fdiv_q_ui.c">
      <Filter>Source Files\mpz</Filter>
    </ClCompile>
    <ClCompile Include="..\mpz\fdiv_qr.c">
      <Filter>Source Files\mpz</Filter>
    </ClCompile>
    <ClCompile Include="..\mpz\fdiv_qr_ui.c">
      <Filter>Source Files\mpz</Filter>
    </ClCompile>
    <ClCompile Include="..\mpz\fdiv_r.c">
      <Filter>Source Files\mpz</Filter>
    </ClCompile>
    <ClCompile Include="..\mpz\fdiv_r_ui.c">
      <Filter>Source Files\mpz</Filter>
    </ClCompile>
    <ClCompile Include="..\mpz\fdiv_ui.c">
      <Filter>Source Files\mpz</Filter>
    </ClCompile>
    <ClCompile Include="..\mpz\fib_ui.c">
      <Filter>Source Files\mpz</Filter>
    </ClCompile>
    <ClCompile Include="..\mpz\fib2_ui.c">
      <Filter>Source Files\mpz</Filter>
    </ClCompile>
    <ClCompile Include="..\mpz\fits_sint.c">
      <Filter>Source Files\mpz</Filter>
    </ClCompile>
    <ClCompile Include="..\mpz\fits_slong.c">
      <Filter>Source Files\mpz</Filter>
    </ClCompile>
    <ClCompile Include="..\mpz\fits_sshort.c">
      <Filter>Source Files\mpz</Filter>
    </ClCompile>
    <ClCompile Include="..\mpz\fits_uint.c">
      <Filter>Source Files\mpz</Filter>
    </ClCompile>
    <ClCompile Include="..\mpz\fits_ulong.c">
      <Filter>Source Files\mpz</Filter>
    </ClCompile>
    <ClCompile Include="..\mpz\fits_ushort.c">
      <Filter>Source Files\mpz</Filter>
    </ClCompile>
    <ClCompile Include="..\mpz\gcd.c">
      <Filter>Source Files\mpz</Filter>
    </ClCompile>
    <ClCompile Include="..\mpz\gcd_ui.c">
      <Filter>Source Files\mpz</Filter>
    </ClCompile>
    <ClCompile Include="..\mpz\gcdext.c">
      <Filter>Source Files\mpz</Filter>
    </ClCompile>
    <ClCompile Include="..\mpz\get_d.c">
      <Filter>Source Files\mpz</Filter>
    </ClCompile>
    <ClCompile Include="..\mpz\get_d_2exp.c">
      <Filter>Source Files\mpz</Filter>
    </ClCompile>
    <ClCompile Include="..\mpz\get_si.c">
      <Filter>Source Files\mpz</Filter>
    </ClCompile>
    <ClCompile Include="..\mpz\get_str.c">
      <Filter>Source Files\mpz</Filter>
    </ClCompile>
    <ClCompile Include="..\mpz\get_ui.c">
      <Filter>Source Files\mpz</Filter>
    </ClCompile>
    <ClCompile Include="..\mpz\getlimbn.c">
      <Filter>Source Files\mpz</Filter>
    </ClCompile>
    <ClCompile Include="..\mpz\hamdist.c">
      <Filter>Source Files\mpz</Filter>
    </ClCompile>
    <ClCompile Include="..\mpz\import.c">
      <Filter>Source Files\mpz</Filter>
    </ClCompile>
    <ClCompile Include="..\mpz\init.c">
      <Filter>Source Files\mpz</Filter>
    </ClCompile>
    <ClCompile Include="..\mpz\init2.c">
      <Filter>Source Files\mpz</Filter>
    </ClCompile>
    <ClCompile Include="..\mpz\inits.c">
      <Filter>Source Files\mpz</Filter>
    </ClCompile>
    <ClCompile Include="..\mpz\inp_raw.c">
      <Filter>Source Files\mpz</Filter>
    </ClCompile>
    <ClCompile Include="..\mpz\inp_str.c">
      <Filter>Source Files\mpz</Filter>
    </ClCompile>
    <ClCompile Include="..\mpz\invert.c">
      <Filter>Source Files\mpz</Filter>
    </ClCompile>
    <ClCompile Include="..\mpz\ior.c">
      <Filter>Source Files\mpz</Filter>
    </ClCompile>
    <ClCompile Include="..\mpz\iset.c">
      <Filter>Source Files\mpz</Filter>
    </ClCompile>
    <ClCompile Include="..\mpz\iset_d.c">
      <Filter>Source Files\mpz</Filter>
    </ClCompile>
    <ClCompile Include="..\mpz\iset_si.c">
      <Filter>Source Files\mpz</Filter>
    </ClCompile>
    <ClCompile Include="..\mpz\iset_str.c">
      <Filter>Source Files\mpz</Filter>
    </ClCompile>
    <ClCompile Include="..\mpz\iset_ui.c">
      <Filter>Source Files\mpz</Filter>
    </ClCompile>
    <ClCompile Include="..\mpz\jacobi.c">
      <Filter>Source Files\mpz</Filter>
    </ClCompile>
    <ClCompile Include="..\mpz\kronsz.c">
      <Filter>Source Files\mpz</Filter>
    </ClCompile>
    <ClCompile Include="..\mpz\kronuz.c">
      <Filter>Source Files\mpz</Filter>
    </ClCompile>
    <ClCompile Include="..\mpz\kronzs.c">
      <Filter>Source Files\mpz</Filter>
    </ClCompile>
    <ClCompile Include="..\mpz\kronzu.c">
      <Filter>Source Files\mpz</Filter>
    </ClCompile>
    <ClCompile Include="..\mpz\lcm.c">
      <Filter>Source Files\mpz</Filter>
    </ClCompile>
    <ClCompile Include="..\mpz\lcm_ui.c">
      <Filter>Source Files\mpz</Filter>
    </ClCompile>
    <ClCompile Include="..\mpz\limbs_finish.c">
      <Filter>Source Files\mpz</Filter>
    </ClCompile>
    <ClCompile Include="..\mpz\limbs_modify.c">
      <Filter>Source Files\mpz</Filter>
    </ClCompile>
    <ClCompile Include="..\mpz\limbs_read.c">
      <Filter>Source Files\mpz</Filter>
    </ClCompile>
    <ClCompile Include="..\mpz\limbs_write.c">
      <Filter>Source Files\mpz</Filter>
    </ClCompile>
    <ClCompile Include="..\mpz\lucnum_ui.c">
      <Filter>Source Files\mpz</Filter>
    </ClCompile>
    <ClCompile Include="..\mpz\lucnum2_ui.c">
      <Filter>Source Files\mpz</Filter>
    </ClCompile>
    <ClCompile Include="..\mpz\mfac_uiui.c">
      <Filter>Source Files\mpz</Filter>
    </ClCompile>
    <ClCompile Include="..\mpz\millerrabin.c">
      <Filter>Source Files\mpz</Filter>
    </ClCompile>
    <ClCompile Include="..\mpz\mod.c">
      <Filter>Source Files\mpz</Filter>
    </ClCompile>
    <ClCompile Include="..\mpz\mul.c">
      <Filter>Source Files\mpz</Filter>
    </ClCompile>
    <ClCompile Include="..\mpz\mul_2exp.c">
      <Filter>Source Files\mpz</Filter>
    </ClCompile>
    <ClCompile Include="..\mpz\mul_si.c">
      <Filter>Source Files\mpz</Filter>
    </ClCompile>
    <ClCompile Include="..\mpz\mul_ui.c">
      <Filter>Source Files\mpz</Filter>
    </ClCompile>
    <ClCompile Include="..\mpz\n_pow_ui.c">
      <Filter>Source Files\mpz</Filter>
    </ClCompile>
    <ClCompile Include="..\mpz\neg.c">
      <Filter>Source Files\mpz</Filter>
    </ClCompile>
    <ClCompile Include="..\mpz\nextprime.c">
      <Filter>Source Files\mpz</Filter>
    </ClCompile>
    <ClCompile Include="..\mpz\oddfac_1.c">
      <Filter>Source Files\mpz</Filter>
    </ClCompile>
    <ClCompile Include="..\mpz\out_raw.c">
      <Filter>Source Files\mpz</Filter>
    </ClCompile>
    <ClCompile Include="..\mpz\out_str.c">
      <Filter>Source Files\mpz</Filter>
    </ClCompile>
    <ClCompile Include="..\mpz\perfpow.c">
      <Filter>Source Files\mpz</Filter>
    </ClCompile>
    <ClCompile Include="..\mpz\perfsqr.c">
      <Filter>Source Files\mpz</Filter>
    </ClCompile>
    <ClCompile Include="..\mpz\popcount.c">
      <Filter>Source Files\mpz</Filter>
    </ClCompile>
    <ClCompile Include="..\mpz\pow_ui.c">
      <Filter>Source Files\mpz</Filter>
    </ClCompile>
    <ClCompile Include="..\mpz\powm.c">
      <Filter>Source Files\mpz</Filter>
    </ClCompile>
    <ClCompile Include="..\mpz\powm_sec.c">
      <Filter>Source Files\mpz</Filter>
    </ClCompile>
    <ClCompile Include="..\mpz\powm_ui.c">
      <Filter>Source Files\mpz</Filter>
    </ClCompile>
    <ClCompile Include="..\mpz\pprime_p.c">
      <Filter>Source Files\mpz</Filter>
    </ClCompile>
    <ClCompile Include="..\mpz\primorial_ui.c">
      <Filter>Source Files\mpz</Filter>
    </ClCompile>
    <ClCompile Include="..\mpz\prodlimbs.c">
      <Filter>Source Files\mpz</Filter>
    </ClCompile>
    <ClCompile Include="..\mpz\random.c">
      <Filter>Source Files\mpz</Filter>
    </ClCompile>
    <ClCompile Include="..\mpz\random2.c">
      <Filter>Source Files\mpz</Filter>
    </ClCompile>
    <ClCompile Include="..\mpz\realloc.c">
      <Filter>Source Files\mpz</Filter>
    </ClCompile>
    <ClCompile Include="..\mpz\realloc2.c">
      <Filter>Source Files\mpz</Filter>
    </ClCompile>
    <ClCompile Include="..\mpz\remove.c">
      <Filter>Source Files\mpz</Filter>
    </ClCompile>
    <ClCompile Include="..\mpz\roinit_n.c">
      <Filter>Source Files\mpz</Filter>
    </ClCompile>
    <ClCompile Include="..\mpz\root.c">
      <Filter>Source Files\mpz</Filter>
    </ClCompile>
    <ClCompile Include="..\mpz\rootrem.c">
      <Filter>Source Files\mpz</Filter>
    </ClCompile>
    <ClCompile Include="..\mpz\rrandomb.c">
      <Filter>Source Files\mpz</Filter>
    </ClCompile>
    <ClCompile Include="..\mpz\scan0.c">
      <Filter>Source Files\mpz</Filter>
    </ClCompile>
    <ClCompile Include="..\mpz\scan1.c">
      <Filter>Source Files\mpz</Filter>
    </ClCompile>
    <ClCompile Include="..\mpz\set.c">
      <Filter>Source Files\mpz</Filter>
    </ClCompile>
    <ClCompile Include="..\mpz\set_d.c">
      <Filter>Source Files\mpz</Filter>
    </ClCompile>
    <ClCompile Include="..\mpz\set_f.c">
      <Filter>Source Files\mpz</Filter>
    </ClCompile>
    <ClCompile Include="..\mpz\set_q.c">
      <Filter>Source Files\mpz</Filter>
    </ClCompile>
    <ClCompile Include="..\mpz\set_si.c">
      <Filter>Source Files\mpz</Filter>
    </ClCompile>
    <ClCompile Include="..\printf\printf.c">
      <Filter>Source Files\printf</Filter>
    </ClCompile>
    <ClCompile Include="..\printf\printffuns.c">
      <Filter>Source Files\printf</Filter>
    </ClCompile>
    <ClCompile Include="..\printf\repl-vsnprintf.c">
      <Filter>Source Files\printf</Filter>
    </ClCompile>
    <ClCompile Include="..\printf\snprintf.c">
      <Filter>Source Files\printf</Filter>
    </ClCompile>
    <ClCompile Include="..\printf\snprntffuns.c">
      <Filter>Source Files\printf</Filter>
    </ClCompile>
    <ClCompile Include="..\printf\sprintf.c">
      <Filter>Source Files\printf</Filter>
    </ClCompile>
    <ClCompile Include="..\printf\sprintffuns.c">
      <Filter>Source Files\printf</Filter>
    </ClCompile>
    <ClCompile Include="..\printf\vasprintf.c">
      <Filter>Source Files\printf</Filter>
    </ClCompile>
    <ClCompile Include="..\printf\vfprintf.c">
      <Filter>Source Files\printf</Filter>
    </ClCompile>
    <ClCompile Include="..\printf\vprintf.c">
      <Filter>Source Files\printf</Filter>
    </ClCompile>
    <ClCompile Include="..\printf\vsnprintf.c">
      <Filter>Source Files\printf</Filter>
    </ClCompile>
    <ClCompile Include="..\printf\vsprintf.c">
      <Filter>Source Files\printf</Filter>
    </ClCompile>
    <ClCompile Include="..\printf\asprintf.c">
      <Filter>Source Files\printf</Filter>
    </ClCompile>
    <ClCompile Include="..\printf\asprntffuns.c">
      <Filter>Source Files\printf</Filter>
    </ClCompile>
    <ClCompile Include="..\printf\doprnt.c">
      <Filter>Source Files\printf</Filter>
    </ClCompile>
    <ClCompile Include="..\printf\doprntf.c">
      <Filter>Source Files\printf</Filter>
    </ClCompile>
    <ClCompile Include="..\printf\doprnti.c">
      <Filter>Source Files\printf</Filter>
    </ClCompile>
    <ClCompile Include="..\printf\fprintf.c">
      <Filter>Source Files\printf</Filter>
    </ClCompile>
    <ClCompile Include="..\printf\obprintf.c">
      <Filter>Source Files\printf</Filter>
    </ClCompile>
    <ClCompile Include="..\printf\obprntffuns.c">
      <Filter>Source Files\printf</Filter>
    </ClCompile>
    <ClCompile Include="..\printf\obvprintf.c">
      <Filter>Source Files\printf</Filter>
    </ClCompile>
    <ClCompile Include="..\rand\randlc2x.c">
      <Filter>Source Files\rand</Filter>
    </ClCompile>
    <ClCompile Include="..\rand\randmt.c">
      <Filter>Source Files\rand</Filter>
    </ClCompile>
    <ClCompile Include="..\rand\randmts.c">
      <Filter>Source Files\rand</Filter>
    </ClCompile>
    <ClCompile Include="..\rand\randmui.c">
      <Filter>Source Files\rand</Filter>
    </ClCompile>
    <ClCompile Include="..\rand\rands.c">
      <Filter>Source Files\rand</Filter>
    </ClCompile>
    <ClCompile Include="..\rand\randsd.c">
      <Filter>Source Files\rand</Filter>
    </ClCompile>
    <ClCompile Include="..\rand\randsdui.c">
      <Filter>Source Files\rand</Filter>
    </ClCompile>
    <ClCompile Include="..\rand\rand.c">
      <Filter>Source Files\rand</Filter>
    </ClCompile>
    <ClCompile Include="..\rand\randbui.c">
      <Filter>Source Files\rand</Filter>
    </ClCompile>
    <ClCompile Include="..\rand\randclr.c">
      <Filter>Source Files\rand</Filter>
    </ClCompile>
    <ClCompile Include="..\rand\randdef.c">
      <Filter>Source Files\rand</Filter>
    </ClCompile>
    <ClCompile Include="..\rand\randiset.c">
      <Filter>Source Files\rand</Filter>
    </ClCompile>
    <ClCompile Include="..\rand\randlc2s.c">
      <Filter>Source Files\rand</Filter>
    </ClCompile>
    <ClCompile Include="..\scanf\sscanffuns.c">
      <Filter>Source Files\scanf</Filter>
    </ClCompile>
    <ClCompile Include="..\scanf\vfscanf.c">
      <Filter>Source Files\scanf</Filter>
    </ClCompile>
    <ClCompile Include="..\scanf\vscanf.c">
      <Filter>Source Files\scanf</Filter>
    </ClCompile>
    <ClCompile Include="..\scanf\vsscanf.c">
      <Filter>Source Files\scanf</Filter>
    </ClCompile>
    <ClCompile Include="..\scanf\doscan.c">
      <Filter>Source Files\scanf</Filter>
    </ClCompile>
    <ClCompile Include="..\scanf\fscanf.c">
      <Filter>Source Files\scanf</Filter>
    </ClCompile>
    <ClCompile Include="..\scanf\fscanffuns.c">
      <Filter>Source Files\scanf</Filter>
    </ClCompile>
    <ClCompile Include="..\scanf\scanf.c">
      <Filter>Source Files\scanf</Filter>
    </ClCompile>
    <ClCompile Include="..\scanf\sscanf.c">
      <Filter>Source Files\scanf</Filter>
    </ClCompile>
    <ClCompile Include="..\tal-reent.c">
      <Filter>Source Files</Filter>
    </ClCompile>
    <ClCompile Include="..\version.c">
      <Filter>Source Files</Filter>
    </ClCompile>
    <ClCompile Include="..\assert.c">
      <Filter>Source Files</Filter>
    </ClCompile>
    <ClCompile Include="..\errno.c">
      <Filter>Source Files</Filter>
    </ClCompile>
    <ClCompile Include="..\extract-dbl.c">
      <Filter>Source Files</Filter>
    </ClCompile>
    <ClCompile Include="..\invalid.c">
      <Filter>Source Files</Filter>
    </ClCompile>
    <ClCompile Include="..\memory.c">
      <Filter>Source Files</Filter>
    </ClCompile>
    <ClCompile Include="..\mp_bpl.c">
      <Filter>Source Files</Filter>
    </ClCompile>
    <ClCompile Include="..\mp_clz_tab.c">
      <Filter>Source Files</Filter>
    </ClCompile>
    <ClCompile Include="..\mp_dv_tab.c">
      <Filter>Source Files</Filter>
    </ClCompile>
    <ClCompile Include="..\mp_get_fns.c">
      <Filter>Source Files</Filter>
    </ClCompile>
    <ClCompile Include="..\mp_minv_tab.c">
      <Filter>Source Files</Filter>
    </ClCompile>
    <ClCompile Include="..\mp_set_fns.c">
      <Filter>Source Files</Filter>
    </ClCompile>
    <ClCompile Include="..\nextprime.c">
      <Filter>Source Files</Filter>
    </ClCompile>
    <ClCompile Include="..\primesieve.c">
      <Filter>Source Files</Filter>
    </ClCompile>
    <ClCompile Include="..\mpn\generic\toom3_sqr.c">
      <Filter>Source Files\mpn\generic</Filter>
    </ClCompile>
    <ClCompile Include="..\mpn\generic\toom4_sqr.c">
      <Filter>Source Files\mpn\generic</Filter>
    </ClCompile>
    <ClCompile Include="..\mpn\generic\toom6_sqr.c">
      <Filter>Source Files\mpn\generic</Filter>
    </ClCompile>
    <ClCompile Include="..\mpn\generic\toom6h_mul.c">
      <Filter>Source Files\mpn\generic</Filter>
    </ClCompile>
    <ClCompile Include="..\mpn\generic\toom8_sqr.c">
      <Filter>Source Files\mpn\generic</Filter>
    </ClCompile>
    <ClCompile Include="..\mpn\generic\toom8h_mul.c">
      <Filter>Source Files\mpn\generic</Filter>
    </ClCompile>
    <ClCompile Include="..\mpn\generic\toom22_mul.c">
      <Filter>Source Files\mpn\generic</Filter>
    </ClCompile>
    <ClCompile Include="..\mpn\generic\toom32_mul.c">
      <Filter>Source Files\mpn\generic</Filter>
    </ClCompile>
    <ClCompile Include="..\mpn\generic\toom33_mul.c">
      <Filter>Source Files\mpn\generic</Filter>
    </ClCompile>
    <ClCompile Include="..\mpn\generic\toom42_mul.c">
      <Filter>Source Files\mpn\generic</Filter>
    </ClCompile>
    <ClCompile Include="..\mpn\generic\toom42_mulmid.c">
      <Filter>Source Files\mpn\generic</Filter>
    </ClCompile>
    <ClCompile Include="..\mpn\generic\toom43_mul.c">
      <Filter>Source Files\mpn\generic</Filter>
    </ClCompile>
    <ClCompile Include="..\mpn\generic\toom44_mul.c">
      <Filter>Source Files\mpn\generic</Filter>
    </ClCompile>
    <ClCompile Include="..\mpn\generic\toom52_mul.c">
      <Filter>Source Files\mpn\generic</Filter>
    </ClCompile>
    <ClCompile Include="..\mpn\generic\toom53_mul.c">
      <Filter>Source Files\mpn\generic</Filter>
    </ClCompile>
    <ClCompile Include="..\mpn\generic\toom54_mul.c">
      <Filter>Source Files\mpn\generic</Filter>
    </ClCompile>
    <ClCompile Include="..\mpn\generic\toom62_mul.c">
      <Filter>Source Files\mpn\generic</Filter>
    </ClCompile>
    <ClCompile Include="..\mpn\generic\toom63_mul.c">
      <Filter>Source Files\mpn\generic</Filter>
    </ClCompile>
    <ClCompile Include="..\mpn\generic\trialdiv.c">
      <Filter>Source Files\mpn\generic</Filter>
    </ClCompile>
    <ClCompile Include="..\mpn\generic\zero.c">
      <Filter>Source Files\mpn\generic</Filter>
    </ClCompile>
    <ClCompile Include="..\mpn\generic\add.c">
      <Filter>Source Files\mpn\generic</Filter>
    </ClCompile>
    <ClCompile Include="..\mpn\generic\add_1.c">
      <Filter>Source Files\mpn\generic</Filter>
    </ClCompile>
    <ClCompile Include="..\mpn\generic\add_n_sub_n.c">
      <Filter>Source Files\mpn\generic</Filter>
    </ClCompile>
    <ClCompile Include="..\mpn\generic\bdiv_q.c">
      <Filter>Source Files\mpn\generic</Filter>
    </ClCompile>
    <ClCompile Include="..\mpn\generic\bdiv_qr.c">
      <Filter>Source Files\mpn\generic</Filter>
    </ClCompile>
    <ClCompile Include="..\mpn\generic\binvert.c">
      <Filter>Source Files\mpn\generic</Filter>
    </ClCompile>
    <ClCompile Include="..\mpn\generic\broot.c">
      <Filter>Source Files\mpn\generic</Filter>
    </ClCompile>
    <ClCompile Include="..\mpn\generic\brootinv.c">
      <Filter>Source Files\mpn\generic</Filter>
    </ClCompile>
    <ClCompile Include="..\mpn\generic\bsqrt.c">
      <Filter>Source Files\mpn\generic</Filter>
    </ClCompile>
    <ClCompile Include="..\mpn\generic\bsqrtinv.c">
      <Filter>Source Files\mpn\generic</Filter>
    </ClCompile>
    <ClCompile Include="..\mpn\generic\cmp.c">
      <Filter>Source Files\mpn\generic</Filter>
    </ClCompile>
    <ClCompile Include="..\mpn\generic\comb_tables.c">
      <Filter>Source Files\mpn\generic</Filter>
    </ClCompile>
    <ClCompile Include="..\mpn\generic\dcpi1_bdiv_q.c">
      <Filter>Source Files\mpn\generic</Filter>
    </ClCompile>
    <ClCompile Include="..\mpn\generic\dcpi1_bdiv_qr.c">
      <Filter>Source Files\mpn\generic</Filter>
    </ClCompile>
    <ClCompile Include="..\mpn\generic\dcpi1_div_q.c">
      <Filter>Source Files\mpn\generic</Filter>
    </ClCompile>
    <ClCompile Include="..\mpn\generic\dcpi1_div_qr.c">
      <Filter>Source Files\mpn\generic</Filter>
    </ClCompile>
    <ClCompile Include="..\mpn\generic\dcpi1_divappr_q.c">
      <Filter>Source Files\mpn\generic</Filter>
    </ClCompile>
    <ClCompile Include="..\mpn\generic\div_q.c">
      <Filter>Source Files\mpn\generic</Filter>
    </ClCompile>
    <ClCompile Include="..\mpn\generic\div_qr_1.c">
      <Filter>Source Files\mpn\generic</Filter>
    </ClCompile>
    <ClCompile Include="..\mpn\generic\div_qr_1n_pi2.c">
      <Filter>Source Files\mpn\generic</Filter>
    </ClCompile>
    <ClCompile Include="..\mpn\generic\div_qr_1u_pi2.c">
      <Filter>Source Files\mpn\generic</Filter>
    </ClCompile>
    <ClCompile Include="..\mpn\generic\div_qr_2.c">
      <Filter>Source Files\mpn\generic</Filter>
    </ClCompile>
    <ClCompile Include="..\mpn\generic\divexact.c">
      <Filter>Source Files\mpn\generic</Filter>
    </ClCompile>
    <ClCompile Include="..\mpn\generic\divis.c">
      <Filter>Source Files\mpn\generic</Filter>
    </ClCompile>
    <ClCompile Include="..\mpn\generic\divrem.c">
      <Filter>Source Files\mpn\generic</Filter>
    </ClCompile>
    <ClCompile Include="..\mpn\generic\dump.c">
      <Filter>Source Files\mpn\generic</Filter>
    </ClCompile>
    <ClCompile Include="..\mpn\generic\fib2_ui.c">
      <Filter>Source Files\mpn\generic</Filter>
    </ClCompile>
    <ClCompile Include="..\mpn\generic\gcd.c">
      <Filter>Source Files\mpn\generic</Filter>
    </ClCompile>
    <ClCompile Include="..\mpn\generic\gcd_subdiv_step.c">
      <Filter>Source Files\mpn\generic</Filter>
    </ClCompile>
    <ClCompile Include="..\mpn\generic\gcdext.c">
      <Filter>Source Files\mpn\generic</Filter>
    </ClCompile>
    <ClCompile Include="..\mpn\generic\gcdext_1.c">
      <Filter>Source Files\mpn\generic</Filter>
    </ClCompile>
    <ClCompile Include="..\mpn\generic\gcdext_lehmer.c">
      <Filter>Source Files\mpn\generic</Filter>
    </ClCompile>
    <ClCompile Include="..\mpn\generic\get_d.c">
      <Filter>Source Files\mpn\generic</Filter>
    </ClCompile>
    <ClCompile Include="..\mpn\generic\get_str.c">
      <Filter>Source Files\mpn\generic</Filter>
    </ClCompile>
    <ClCompile Include="..\mpn\generic\hgcd.c">
      <Filter>Source Files\mpn\generic</Filter>
    </ClCompile>
    <ClCompile Include="..\mpn\generic\hgcd_appr.c">
      <Filter>Source Files\mpn\generic</Filter>
    </ClCompile>
    <ClCompile Include="..\mpn\generic\hgcd_jacobi.c">
      <Filter>Source Files\mpn\generic</Filter>
    </ClCompile>
    <ClCompile Include="..\mpn\generic\hgcd_matrix.c">
      <Filter>Source Files\mpn\generic</Filter>
    </ClCompile>
    <ClCompile Include="..\mpn\generic\hgcd_reduce.c">
      <Filter>Source Files\mpn\generic</Filter>
    </ClCompile>
    <ClCompile Include="..\mpn\generic\hgcd_step.c">
      <Filter>Source Files\mpn\generic</Filter>
    </ClCompile>
    <ClCompile Include="..\mpn\generic\hgcd2.c">
      <Filter>Source Files\mpn\generic</Filter>
    </ClCompile>
    <ClCompile Include="..\mpn\generic\hgcd2_jacobi.c">
      <Filter>Source Files\mpn\generic</Filter>
    </ClCompile>
    <ClCompile Include="..\mpn\generic\invert.c">
      <Filter>Source Files\mpn\generic</Filter>
    </ClCompile>
    <ClCompile Include="..\mpn\generic\invertappr.c">
      <Filter>Source Files\mpn\generic</Filter>
    </ClCompile>
    <ClCompile Include="..\mpn\generic\jacbase.c">
      <Filter>Source Files\mpn\generic</Filter>
    </ClCompile>
    <ClCompile Include="..\mpn\generic\jacobi.c">
      <Filter>Source Files\mpn\generic</Filter>
    </ClCompile>
    <ClCompile Include="..\mpn\generic\jacobi_2.c">
      <Filter>Source Files\mpn\generic</Filter>
    </ClCompile>
    <ClCompile Include="..\mpn\generic\matrix22_mul.c">
      <Filter>Source Files\mpn\generic</Filter>
    </ClCompile>
    <ClCompile Include="..\mpn\generic\matrix22_mul1_inverse_vector.c">
      <Filter>Source Files\mpn\generic</Filter>
    </ClCompile>
    <ClCompile Include="..\mpn\generic\mod_1.c">
      <Filter>Source Files\mpn\generic</Filter>
    </ClCompile>
    <ClCompile Include="..\mpn\generic\mod_1_3.c">
      <Filter>Source Files\mpn\generic</Filter>
    </ClCompile>
    <ClCompile Include="..\mpn\generic\mu_bdiv_q.c">
      <Filter>Source Files\mpn\generic</Filter>
    </ClCompile>
    <ClCompile Include="..\mpn\generic\mu_bdiv_qr.c">
      <Filter>Source Files\mpn\generic</Filter>
    </ClCompile>
    <ClCompile Include="..\mpn\generic\mu_div_q.c">
      <Filter>Source Files\mpn\generic</Filter>
    </ClCompile>
    <ClCompile Include="..\mpn\generic\mu_div_qr.c">
      <Filter>Source Files\mpn\generic</Filter>
    </ClCompile>
    <ClCompile Include="..\mpn\generic\mu_divappr_q.c">
      <Filter>Source Files\mpn\generic</Filter>
    </ClCompile>
    <ClCompile Include="..\mpn\generic\mul.c">
      <Filter>Source Files\mpn\generic</Filter>
    </ClCompile>
    <ClCompile Include="..\mpn\generic\mul_fft.c">
      <Filter>Source Files\mpn\generic</Filter>
    </ClCompile>
    <ClCompile Include="..\mpn\generic\mul_n.c">
      <Filter>Source Files\mpn\generic</Filter>
    </ClCompile>
    <ClCompile Include="..\mpn\generic\mullo_n.c">
      <Filter>Source Files\mpn\generic</Filter>
    </ClCompile>
    <ClCompile Include="..\mpn\generic\mulmid.c">
      <Filter>Source Files\mpn\generic</Filter>
    </ClCompile>
    <ClCompile Include="..\mpn\generic\mulmid_n.c">
      <Filter>Source Files\mpn\generic</Filter>
    </ClCompile>
    <ClCompile Include="..\mpn\generic\mulmod_bnm1.c">
      <Filter>Source Files\mpn\generic</Filter>
    </ClCompile>
    <ClCompile Include="..\mpn\generic\neg.c">
      <Filter>Source Files\mpn\generic</Filter>
    </ClCompile>
    <ClCompile Include="..\mpn\generic\nussbaumer_mul.c">
      <Filter>Source Files\mpn\generic</Filter>
    </ClCompile>
    <ClCompile Include="..\mpn\generic\perfpow.c">
      <Filter>Source Files\mpn\generic</Filter>
    </ClCompile>
    <ClCompile Include="..\mpn\generic\perfsqr.c">
      <Filter>Source Files\mpn\generic</Filter>
    </ClCompile>
    <ClCompile Include="..\mpn\generic\pow_1.c">
      <Filter>Source Files\mpn\generic</Filter>
    </ClCompile>
    <ClCompile Include="..\mpn\generic\powlo.c">
      <Filter>Source Files\mpn\generic</Filter>
    </ClCompile>
    <ClCompile Include="..\mpn\generic\powm.c">
      <Filter>Source Files\mpn\generic</Filter>
    </ClCompile>
    <ClCompile Include="..\mpn\generic\pre_mod_1.c">
      <Filter>Source Files\mpn\generic</Filter>
    </ClCompile>
    <ClCompile Include="..\mpn\generic\random.c">
      <Filter>Source Files\mpn\generic</Filter>
    </ClCompile>
    <ClCompile Include="..\mpn\generic\random2.c">
      <Filter>Source Files\mpn\generic</Filter>
    </ClCompile>
    <ClCompile Include="..\mpn\generic\redc_2.c">
      <Filter>Source Files\mpn\generic</Filter>
    </ClCompile>
    <ClCompile Include="..\mpn\generic\redc_n.c">
      <Filter>Source Files\mpn\generic</Filter>
    </ClCompile>
    <ClCompile Include="..\mpn\generic\remove.c">
      <Filter>Source Files\mpn\generic</Filter>
    </ClCompile>
    <ClCompile Include="..\mpn\generic\rootrem.c">
      <Filter>Source Files\mpn\generic</Filter>
    </ClCompile>
    <ClCompile Include="..\mpn\generic\sbpi1_bdiv_q.c">
      <Filter>Source Files\mpn\generic</Filter>
    </ClCompile>
    <ClCompile Include="..\mpn\generic\sbpi1_bdiv_qr.c">
      <Filter>Source Files\mpn\generic</Filter>
    </ClCompile>
    <ClCompile Include="..\mpn\generic\sbpi1_div_q.c">
      <Filter>Source Files\mpn\generic</Filter>
    </ClCompile>
    <ClCompile Include="..\mpn\generic\sbpi1_div_qr.c">
      <Filter>Source Files\mpn\generic</Filter>
    </ClCompile>
    <ClCompile Include="..\mpn\generic\sbpi1_divappr_q.c">
      <Filter>Source Files\mpn\generic</Filter>
    </ClCompile>
    <ClCompile Include="..\mpn\generic\scan0.c">
      <Filter>Source Files\mpn\generic</Filter>
    </ClCompile>
    <ClCompile Include="..\mpn\generic\scan1.c">
      <Filter>Source Files\mpn\generic</Filter>
    </ClCompile>
    <ClCompile Include="..\mpn\generic\sec_invert.c">
      <Filter>Source Files\mpn\generic</Filter>
    </ClCompile>
    <ClCompile Include="..\mpn\generic\sec_mul.c">
      <Filter>Source Files\mpn\generic</Filter>
    </ClCompile>
    <ClCompile Include="..\mpn\generic\sec_powm.c">
      <Filter>Source Files\mpn\generic</Filter>
    </ClCompile>
    <ClCompile Include="..\mpn\generic\sec_sqr.c">
      <Filter>Source Files\mpn\generic</Filter>
    </ClCompile>
    <ClCompile Include="..\mpn\generic\set_str.c">
      <Filter>Source Files\mpn\generic</Filter>
    </ClCompile>
    <ClCompile Include="..\mpn\generic\sizeinbase.c">
      <Filter>Source Files\mpn\generic</Filter>
    </ClCompile>
    <ClCompile Include="..\mpn\generic\sqr.c">
      <Filter>Source Files\mpn\generic</Filter>
    </ClCompile>
    <ClCompile Include="..\mpn\generic\sqrmod_bnm1.c">
      <Filter>Source Files\mpn\generic</Filter>
    </ClCompile>
    <ClCompile Include="..\mpn\generic\sqrtrem.c">
      <Filter>Source Files\mpn\generic</Filter>
    </ClCompile>
    <ClCompile Include="..\mpn\generic\sub.c">
      <Filter>Source Files\mpn\generic</Filter>
    </ClCompile>
    <ClCompile Include="..\mpn\generic\sub_1.c">
      <Filter>Source Files\mpn\generic</Filter>
    </ClCompile>
    <ClCompile Include="..\mpn\generic\tdiv_qr.c">
      <Filter>Source Files\mpn\generic</Filter>
    </ClCompile>
    <ClCompile Include="..\mpn\generic\toom_couple_handling.c">
      <Filter>Source Files\mpn\generic</Filter>
    </ClCompile>
    <ClCompile Include="..\mpn\generic\toom_eval_dgr3_pm1.c">
      <Filter>Source Files\mpn\generic</Filter>
    </ClCompile>
    <ClCompile Include="..\mpn\generic\toom_eval_dgr3_pm2.c">
      <Filter>Source Files\mpn\generic</Filter>
    </ClCompile>
    <ClCompile Include="..\mpn\generic\toom_eval_pm1.c">
      <Filter>Source Files\mpn\generic</Filter>
    </ClCompile>
    <ClCompile Include="..\mpn\generic\toom_eval_pm2.c">
      <Filter>Source Files\mpn\generic</Filter>
    </ClCompile>
    <ClCompile Include="..\mpn\generic\toom_eval_pm2exp.c">
      <Filter>Source Files\mpn\generic</Filter>
    </ClCompile>
    <ClCompile Include="..\mpn\generic\toom_eval_pm2rexp.c">
      <Filter>Source Files\mpn\generic</Filter>
    </ClCompile>
    <ClCompile Include="..\mpn\generic\toom_interpolate_5pts.c">
      <Filter>Source Files\mpn\generic</Filter>
    </ClCompile>
    <ClCompile Include="..\mpn\generic\toom_interpolate_6pts.c">
      <Filter>Source Files\mpn\generic</Filter>
    </ClCompile>
    <ClCompile Include="..\mpn\generic\toom_interpolate_7pts.c">
      <Filter>Source Files\mpn\generic</Filter>
    </ClCompile>
    <ClCompile Include="..\mpn\generic\toom_interpolate_8pts.c">
      <Filter>Source Files\mpn\generic</Filter>
    </ClCompile>
    <ClCompile Include="..\mpn\generic\toom_interpolate_12pts.c">
      <Filter>Source Files\mpn\generic</Filter>
    </ClCompile>
    <ClCompile Include="..\mpn\generic\toom_interpolate_16pts.c">
      <Filter>Source Files\mpn\generic</Filter>
    </ClCompile>
    <ClCompile Include="..\mpn\generic\toom2_sqr.c">
      <Filter>Source Files\mpn\generic</Filter>
    </ClCompile>
    <ClCompile Include="x86_64\mpn\mp_bases.c">
      <Filter>Source Files\mpn\x86_64</Filter>
    </ClCompile>
    <ClCompile Include="x86_64\mpn\fib_table.c">
      <Filter>Source Files\mpn\x86_64</Filter>
    </ClCompile>
    <ClCompile Include="..\mpf\cmp_z.c">
      <Filter>Source Files\mpf</Filter>
    </ClCompile>
    <ClCompile Include="..\mpn\generic\sqrlo_basecase.c">
      <Filter>Source Files\mpn\generic</Filter>
    </ClCompile>
    <ClCompile Include="..\mpn\generic\sqrlo.c">
      <Filter>Source Files\mpn\generic</Filter>
    </ClCompile>
    <ClCompile Include="..\mpn\generic\cnd_swap.c">
      <Filter>Source Files\mpn\generic</Filter>
    </ClCompile>
    <ClCompile Include="..\mpn\generic\mulmid_basecase.c">
      <Filter>Source Files\mpn\generic</Filter>
    </ClCompile>
    <ClCompile Include="..\mpn\generic\diveby3.c">
      <Filter>Source Files\mpn\generic</Filter>
    </ClCompile>
    <ClCompile Include="mpn\sec_add_1.c">
      <Filter>Source Files\mpn</Filter>
    </ClCompile>
    <ClCompile Include="mpn\sec_div_qr.c">
      <Filter>Source Files\mpn</Filter>
    </ClCompile>
    <ClCompile Include="mpn\sec_div_r.c">
      <Filter>Source Files\mpn</Filter>
    </ClCompile>
    <ClCompile Include="mpn\sec_pi1_div_qr.c">
      <Filter>Source Files\mpn</Filter>
    </ClCompile>
    <ClCompile Include="mpn\sec_pi1_div_r.c">
      <Filter>Source Files\mpn</Filter>
    </ClCompile>
    <ClCompile Include="mpn\sec_sub_1.c">
      <Filter>Source Files\mpn</Filter>
    </ClCompile>
    <ClCompile Include="..\mpn\generic\zero_p.c">
      <Filter>Source Files\mpn\generic</Filter>
    </ClCompile>
    <ClCompile Include="..\cxx\isfuns.cc">
      <Filter>Source Files\cxx</Filter>
    </ClCompile>
    <ClCompile Include="..\cxx\ismpf.cc">
      <Filter>Source Files\cxx</Filter>
    </ClCompile>
    <ClCompile Include="..\cxx\ismpq.cc">
      <Filter>Source Files\cxx</Filter>
    </ClCompile>
    <ClCompile Include="..\cxx\ismpz.cc">
      <Filter>Source Files\cxx</Filter>
    </ClCompile>
    <ClCompile Include="..\cxx\ismpznw.cc">
      <Filter>Source Files\cxx</Filter>
    </ClCompile>
    <ClCompile Include="..\cxx\limits.cc">
      <Filter>Source Files\cxx</Filter>
    </ClCompile>
    <ClCompile Include="..\cxx\osdoprnti.cc">
      <Filter>Source Files\cxx</Filter>
    </ClCompile>
    <ClCompile Include="..\cxx\osfuns.cc">
      <Filter>Source Files\cxx</Filter>
    </ClCompile>
    <ClCompile Include="..\cxx\osmpf.cc">
      <Filter>Source Files\cxx</Filter>
    </ClCompile>
    <ClCompile Include="..\cxx\osmpq.cc">
      <Filter>Source Files\cxx</Filter>
    </ClCompile>
    <ClCompile Include="..\cxx\osmpz.cc">
      <Filter>Source Files\cxx</Filter>
    </ClCompile>
    <ClCompile Include="..\mpn\generic\add_err3_n.c">
      <Filter>Source Files\mpn\generic</Filter>
    </ClCompile>
    <ClCompile Include="..\mpn\generic\add_err1_n.c">
      <Filter>Source Files\mpn\generic</Filter>
    </ClCompile>
    <ClCompile Include="..\mpn\generic\add_err2_n.c">
      <Filter>Source Files\mpn\generic</Filter>
    </ClCompile>
    <ClCompile Include="..\mpn\generic\com.c">
      <Filter>Source Files\mpn\generic</Filter>
    </ClCompile>
    <ClCompile Include="..\mpn\generic\div_qr_1n_pi1.c">
      <Filter>Source Files\mpn\generic</Filter>
    </ClCompile>
    <ClCompile Include="..\mpn\generic\div_qr_2n_pi1.c">
      <Filter>Source Files\mpn\generic</Filter>
    </ClCompile>
    <ClCompile Include="..\mpn\generic\div_qr_2u_pi1.c">
      <Filter>Source Files\mpn\generic</Filter>
    </ClCompile>
    <ClCompile Include="..\mpn\generic\gcd_1.c">
      <Filter>Source Files\mpn\generic</Filter>
    </ClCompile>
    <ClCompile Include="..\mpn\generic\lshiftc.c">
      <Filter>Source Files\mpn\generic</Filter>
    </ClCompile>
    <ClCompile Include="..\mpn\generic\mod_1_1.c">
      <Filter>Source Files\mpn\generic</Filter>
    </ClCompile>
    <ClCompile Include="..\mpn\generic\mod_1_2.c">
      <Filter>Source Files\mpn\generic</Filter>
    </ClCompile>
    <ClCompile Include="..\mpn\generic\mod_1_4.c">
      <Filter>Source Files\mpn\generic</Filter>
    </ClCompile>
    <ClCompile Include="..\mpn\generic\mode1o.c">
      <Filter>Source Files\mpn\generic</Filter>
    </ClCompile>
    <ClCompile Include="..\mpn\generic\mul_basecase.c">
      <Filter>Source Files\mpn\generic</Filter>
    </ClCompile>
    <ClCompile Include="..\mpn\generic\mullo_basecase.c">
      <Filter>Source Files\mpn\generic</Filter>
    </ClCompile>
    <ClCompile Include="..\mpn\generic\pre_divrem_1.c">
      <Filter>Source Files\mpn\generic</Filter>
    </ClCompile>
    <ClCompile Include="..\mpn\generic\redc_1.c">
      <Filter>Source Files\mpn\generic</Filter>
    </ClCompile>
    <ClCompile Include="..\mpn\generic\sub_err1_n.c">
      <Filter>Source Files\mpn\generic</Filter>
    </ClCompile>
    <ClCompile Include="..\mpn\generic\sub_err2_n.c">
      <Filter>Source Files\mpn\generic</Filter>
    </ClCompile>
    <ClCompile Include="..\mpn\generic\sub_err3_n.c">
      <Filter>Source Files\mpn\generic</Filter>
    </ClCompile>
    <ClCompile Include="x86\mpn\mp_bases.c">
      <Filter>Source Files\mpn\x86</Filter>
    </ClCompile>
    <ClCompile Include="x86\mpn\fib_table.c">
      <Filter>Source Files\mpn\x86</Filter>
    </ClCompile>
    <ClCompile Include="mpn\x86\and_n.c">
      <Filter>Source Files\mpn\x86</Filter>
    </ClCompile>
    <ClCompile Include="mpn\x86\andn_n.c">
      <Filter>Source Files\mpn\x86</Filter>
    </ClCompile>
    <ClCompile Include="mpn\x86\hamdist.c">
      <Filter>Source Files\mpn\x86</Filter>
    </ClCompile>
    <ClCompile Include="mpn\x86\ior_n.c">
      <Filter>Source Files\mpn\x86</Filter>
    </ClCompile>
    <ClCompile Include="mpn\x86\iorn_n.c">
      <Filter>Source Files\mpn\x86</Filter>
    </ClCompile>
    <ClCompile Include="mpn\x86\nand_n.c">
      <Filter>Source Files\mpn\x86</Filter>
    </ClCompile>
    <ClCompile Include="mpn\x86\nior_n.c">
      <Filter>Source Files\mpn\x86</Filter>
    </ClCompile>
    <ClCompile Include="mpn\x86\popcount.c">
      <Filter>Source Files\mpn\x86</Filter>
    </ClCompile>
    <ClCompile Include="mpn\x86\xnor_n.c">
      <Filter>Source Files\mpn\x86</Filter>
    </ClCompile>
    <ClCompile Include="mpn\x86\xor_n.c">
      <Filter>Source Files\mpn\x86</Filter>
    </ClCompile>
    <ClCompile Include="..\mpz\lucmod.c">
      <Filter>Source Files\mpz</Filter>
    </ClCompile>
    <ClCompile Include="..\mpz\stronglucas.c">
      <Filter>Source Files\mpz</Filter>
    </ClCompile>
    <ClCompile Include="..\mpn\generic\compute_powtab.c">
      <Filter>Source Files\mpn\generic</Filter>
    </ClCompile>
    <ClCompile Include="..\mpn\generic\fib2m.c">
      <Filter>Source Files\mpn\generic</Filter>
    </ClCompile>
    <ClCompile Include="..\mpn\generic\gcd_22.c">
      <Filter>Source Files\mpn\generic</Filter>
    </ClCompile>
    <ClCompile Include="..\mpn\generic\sbpi1_bdiv_r.c">
      <Filter>Source Files\mpn\generic</Filter>
    </ClCompile>
    <ClCompile Include="..\mpn\generic\strongfibo.c">
      <Filter>Source Files\mpn\generic</Filter>
    </ClCompile>
  </ItemGroup>
  <ItemGroup>
    <ClInclude Include="..\mpf\fits_s.h">
      <Filter>Header Files\mpf</Filter>
    </ClInclude>
    <ClInclude Include="..\mpf\fits_u.h">
      <Filter>Header Files\mpf</Filter>
    </ClInclude>
    <ClInclude Include="..\mpz\aors.h">
      <Filter>Header Files\mpz</Filter>
    </ClInclude>
    <ClInclude Include="..\mpz\aors_ui.h">
      <Filter>Header Files\mpz</Filter>
    </ClInclude>
    <ClInclude Include="..\mpz\fits_s.h">
      <Filter>Header Files\mpz</Filter>
    </ClInclude>
    <ClInclude Include="..\mpz\mul_i.h">
      <Filter>Header Files\mpz</Filter>
    </ClInclude>
    <ClInclude Include="..\rand\randmt.h">
      <Filter>Header Files\rand</Filter>
    </ClInclude>
    <ClInclude Include="config.h">
      <Filter>Header Files</Filter>
    </ClInclude>
    <ClInclude Include="version.h">
      <Filter>Header Files</Filter>
    </ClInclude>
    <ClInclude Include="gmp.h">
      <Filter>Header Files</Filter>
    </ClInclude>
    <ClInclude Include="x86\mpn\perfsqr.h">
      <Filter>Header Files\mpn\x86</Filter>
    </ClInclude>
    <ClInclude Include="x86_64\mpn\perfsqr.h">
      <Filter>Header Files\mpn\x86_64</Filter>
    </ClInclude>
    <ClInclude Include="x86\fac_table.h">
      <Filter>Header Files\x86</Filter>
    </ClInclude>
    <ClInclude Include="x86\fib_table.h">
      <Filter>Header Files\x86</Filter>
    </ClInclude>
    <ClInclude Include="x86\gmp-mparam.h">
      <Filter>Header Files\x86</Filter>
    </ClInclude>
    <ClInclude Include="x86\mp_bases.h">
      <Filter>Header Files\x86</Filter>
    </ClInclude>
    <ClInclude Include="x86\trialdivtab.h">
      <Filter>Header Files\x86</Filter>
    </ClInclude>
    <ClInclude Include="x86_64\fac_table.h">
      <Filter>Header Files\x86-64</Filter>
    </ClInclude>
    <ClInclude Include="x86_64\fib_table.h">
      <Filter>Header Files\x86-64</Filter>
    </ClInclude>
    <ClInclude Include="x86_64\gmp-mparam.h">
      <Filter>Header Files\x86-64</Filter>
    </ClInclude>
    <ClInclude Include="x86_64\mp_bases.h">
      <Filter>Header Files\x86-64</Filter>
    </ClInclude>
    <ClInclude Include="x86_64\trialdivtab.h">
      <Filter>Header Files\x86-64</Filter>
    </ClInclude>
    <ClInclude Include="..\gmp-impl.h">
      <Filter>Header Files</Filter>
    </ClInclude>
    <ClInclude Include="..\gmpxx.h">
      <Filter>Header Files</Filter>
    </ClInclude>
    <ClInclude Include="..\longlong.h">
      <Filter>Header Files</Filter>
    </ClInclude>
    <ClInclude Include="..\asl.h">
      <Filter>Header Files</Filter>
    </ClInclude>
  </ItemGroup>
  <ItemGroup>
    <YASM Include="mpn\x86_64\add_n.s">
      <Filter>Source Files\mpn\x86_64</Filter>
    </YASM>
    <YASM Include="mpn\x86_64\addlsh_n.s">
      <Filter>Source Files\mpn\x86_64</Filter>
    </YASM>
    <YASM Include="mpn\x86_64\addlsh1_n.s">
      <Filter>Source Files\mpn\x86_64</Filter>
    </YASM>
    <YASM Include="mpn\x86_64\addlsh2_n.s">
      <Filter>Source Files\mpn\x86_64</Filter>
    </YASM>
    <YASM Include="mpn\x86_64\addmul_2.s">
      <Filter>Source Files\mpn\x86_64</Filter>
    </YASM>
    <YASM Include="mpn\x86_64\bdiv_q_1.s">
      <Filter>Source Files\mpn\x86_64</Filter>
    </YASM>
    <YASM Include="mpn\x86_64\cnd_add_n.s">
      <Filter>Source Files\mpn\x86_64</Filter>
    </YASM>
    <YASM Include="mpn\x86_64\cnd_sub_n.s">
      <Filter>Source Files\mpn\x86_64</Filter>
    </YASM>
    <YASM Include="mpn\x86_64\com.s">
      <Filter>Source Files\mpn\x86_64</Filter>
    </YASM>
    <YASM Include="mpn\x86_64\copyd.s">
      <Filter>Source Files\mpn\x86_64</Filter>
    </YASM>
    <YASM Include="mpn\x86_64\copyi.s">
      <Filter>Source Files\mpn\x86_64</Filter>
    </YASM>
    <YASM Include="mpn\x86_64\divexact_1.s">
      <Filter>Source Files\mpn\x86_64</Filter>
    </YASM>
    <YASM Include="mpn\x86_64\hamdist.s">
      <Filter>Source Files\mpn\x86_64</Filter>
    </YASM>
    <YASM Include="mpn\x86_64\invert_limb.s">
      <Filter>Source Files\mpn\x86_64</Filter>
    </YASM>
    <YASM Include="mpn\x86_64\lshsub_n.s">
      <Filter>Source Files\mpn\x86_64</Filter>
    </YASM>
    <YASM Include="mpn\x86_64\mod_1_1p.s">
      <Filter>Source Files\mpn\x86_64</Filter>
    </YASM>
    <YASM Include="mpn\x86_64\mod_1s_2p.s">
      <Filter>Source Files\mpn\x86_64</Filter>
    </YASM>
    <YASM Include="mpn\x86_64\mod_1s_4p.s">
      <Filter>Source Files\mpn\x86_64</Filter>
    </YASM>
    <YASM Include="mpn\x86_64\mod_34lsub1.s">
      <Filter>Source Files\mpn\x86_64</Filter>
    </YASM>
    <YASM Include="mpn\x86_64\modexact_1_odd.s">
      <Filter>Source Files\mpn\x86_64</Filter>
    </YASM>
    <YASM Include="mpn\x86_64\mul_2.s">
      <Filter>Source Files\mpn\x86_64</Filter>
    </YASM>
    <YASM Include="mpn\x86_64\mul_basecase.s">
      <Filter>Source Files\mpn\x86_64</Filter>
    </YASM>
    <YASM Include="mpn\x86_64\mullo_basecase.s">
      <Filter>Source Files\mpn\x86_64</Filter>
    </YASM>
    <YASM Include="mpn\x86_64\popcount.s">
      <Filter>Source Files\mpn\x86_64</Filter>
    </YASM>
    <YASM Include="mpn\x86_64\rsblsh_n.s">
      <Filter>Source Files\mpn\x86_64</Filter>
    </YASM>
    <YASM Include="mpn\x86_64\rsblsh1_n.s">
      <Filter>Source Files\mpn\x86_64</Filter>
    </YASM>
    <YASM Include="mpn\x86_64\rsblsh2_n.s">
      <Filter>Source Files\mpn\x86_64</Filter>
    </YASM>
    <YASM Include="mpn\x86_64\sqr_basecase.s">
      <Filter>Source Files\mpn\x86_64</Filter>
    </YASM>
    <YASM Include="mpn\x86_64\sqr_diag_addlsh1.s">
      <Filter>Source Files\mpn\x86_64</Filter>
    </YASM>
    <YASM Include="mpn\x86_64\sub_n.s">
      <Filter>Source Files\mpn\x86_64</Filter>
    </YASM>
    <YASM Include="mpn\x86_64\sublsh1_n.s">
      <Filter>Source Files\mpn\x86_64</Filter>
    </YASM>
    <YASM Include="mpn\x86_64\addmul_1.s">
      <Filter>Source Files\mpn\x86_64</Filter>
    </YASM>
    <YASM Include="mpn\x86_64\and_n.s">
      <Filter>Source Files\mpn\x86_64</Filter>
    </YASM>
    <YASM Include="mpn\x86_64\andn_n.s">
      <Filter>Source Files\mpn\x86_64</Filter>
    </YASM>
    <YASM Include="mpn\x86_64\bdiv_dbm1.s">
      <Filter>Source Files\mpn\x86_64</Filter>
    </YASM>
    <YASM Include="mpn\x86_64\div_qr_1n_pi1.s">
      <Filter>Source Files\mpn\x86_64</Filter>
    </YASM>
    <YASM Include="mpn\x86_64\div_qr_2n_pi1.s">
      <Filter>Source Files\mpn\x86_64</Filter>
    </YASM>
    <YASM Include="mpn\x86_64\divrem_1.s">
      <Filter>Source Files\mpn\x86_64</Filter>
    </YASM>
    <YASM Include="mpn\x86_64\divrem_2.s">
      <Filter>Source Files\mpn\x86_64</Filter>
    </YASM>
    <YASM Include="mpn\x86_64\invert_limb_table.s">
      <Filter>Source Files\mpn\x86_64</Filter>
    </YASM>
    <YASM Include="mpn\x86_64\ior_n.s">
      <Filter>Source Files\mpn\x86_64</Filter>
    </YASM>
    <YASM Include="mpn\x86_64\iorn_n.s">
      <Filter>Source Files\mpn\x86_64</Filter>
    </YASM>
    <YASM Include="mpn\x86_64\lshift.s">
      <Filter>Source Files\mpn\x86_64</Filter>
    </YASM>
    <YASM Include="mpn\x86_64\lshiftc.s">
      <Filter>Source Files\mpn\x86_64</Filter>
    </YASM>
    <YASM Include="mpn\x86_64\mul_1.s">
      <Filter>Source Files\mpn\x86_64</Filter>
    </YASM>
    <YASM Include="mpn\x86_64\nand_n.s">
      <Filter>Source Files\mpn\x86_64</Filter>
    </YASM>
    <YASM Include="mpn\x86_64\nior_n.s">
      <Filter>Source Files\mpn\x86_64</Filter>
    </YASM>
    <YASM Include="mpn\x86_64\redc_1.s">
      <Filter>Source Files\mpn\x86_64</Filter>
    </YASM>
    <YASM Include="mpn\x86_64\rsh1add_n.s">
      <Filter>Source Files\mpn\x86_64</Filter>
    </YASM>
    <YASM Include="mpn\x86_64\rsh1sub_n.s">
      <Filter>Source Files\mpn\x86_64</Filter>
    </YASM>
    <YASM Include="mpn\x86_64\rshift.s">
      <Filter>Source Files\mpn\x86_64</Filter>
    </YASM>
    <YASM Include="mpn\x86_64\sec_tabselect.s">
      <Filter>Source Files\mpn\x86_64</Filter>
    </YASM>
    <YASM Include="mpn\x86_64\sublsh2_n.s">
      <Filter>Source Files\mpn\x86_64</Filter>
    </YASM>
    <YASM Include="mpn\x86_64\submul_1.s">
      <Filter>Source Files\mpn\x86_64</Filter>
    </YASM>
    <YASM Include="mpn\x86_64\xnor_n.s">
      <Filter>Source Files\mpn\x86_64</Filter>
    </YASM>
    <YASM Include="mpn\x86_64\xor_n.s">
      <Filter>Source Files\mpn\x86_64</Filter>
    </YASM>
    <YASM Include="mpn\x86\add_n.s">
      <Filter>Source Files\mpn\x86</Filter>
    </YASM>
    <YASM Include="mpn\x86\addmul_1.s">
      <Filter>Source Files\mpn\x86</Filter>
    </YASM>
    <YASM Include="mpn\x86\bdiv_dbm1.s">
      <Filter>Source Files\mpn\x86</Filter>
    </YASM>
    <YASM Include="mpn\x86\bdiv_q_1.s">
      <Filter>Source Files\mpn\x86</Filter>
    </YASM>
    <YASM Include="mpn\x86\cnd_add_n.s">
      <Filter>Source Files\mpn\x86</Filter>
    </YASM>
    <YASM Include="mpn\x86\cnd_sub_n.s">
      <Filter>Source Files\mpn\x86</Filter>
    </YASM>
    <YASM Include="mpn\x86\copyd.s">
      <Filter>Source Files\mpn\x86</Filter>
    </YASM>
    <YASM Include="mpn\x86\copyi.s">
      <Filter>Source Files\mpn\x86</Filter>
    </YASM>
    <YASM Include="mpn\x86\divexact_1.s">
      <Filter>Source Files\mpn\x86</Filter>
    </YASM>
    <YASM Include="mpn\x86\divrem_1.s">
      <Filter>Source Files\mpn\x86</Filter>
    </YASM>
    <YASM Include="mpn\x86\divrem_2.s">
      <Filter>Source Files\mpn\x86</Filter>
    </YASM>
    <YASM Include="mpn\x86\lshift.s">
      <Filter>Source Files\mpn\x86</Filter>
    </YASM>
    <YASM Include="mpn\x86\mod_34lsub1.s">
      <Filter>Source Files\mpn\x86</Filter>
    </YASM>
    <YASM Include="mpn\x86\mul_1.s">
      <Filter>Source Files\mpn\x86</Filter>
    </YASM>
    <YASM Include="mpn\x86\rshift.s">
      <Filter>Source Files\mpn\x86</Filter>
    </YASM>
    <YASM Include="mpn\x86\sec_tabselect.s">
      <Filter>Source Files\mpn\x86</Filter>
    </YASM>
    <YASM Include="mpn\x86\sqr_basecase.s">
      <Filter>Source Files\mpn\x86</Filter>
    </YASM>
    <YASM Include="mpn\x86\sub_n.s">
      <Filter>Source Files\mpn\x86</Filter>
    </YASM>
    <YASM Include="mpn\x86\submul_1.s">
      <Filter>Source Files\mpn\x86</Filter>
    </YASM>
    <YASM Include="mpn\x86\udiv_qrnnd.s">
      <Filter>Source Files\mpn\x86</Filter>
    </YASM>
    <YASM Include="mpn\x86\umul_ppmm.s">
      <Filter>Source Files\mpn\x86</Filter>
    </YASM>
    <YASM Include="mpn\x86\gcd_11.s">
      <Filter>Source Files\mpn\x86</Filter>
    </YASM>
    <YASM Include="mpn\x86_64\gcd_11.s">
      <Filter>Source Files\mpn\x86_64</Filter>
    </YASM>
    <YASM Include="mpn\x86_64\gcd_22.s">
      <Filter>Source Files\mpn\x86_64</Filter>
    </YASM>
  </ItemGroup>
  <ItemGroup>
    <None Include="libgmp.def">
      <Filter>Resource Files</Filter>
    </None>
  </ItemGroup>
</Project>