
Microsoft Visual Studio Solution File, Format Version 12.00
# Visual Studio 15
VisualStudioVersion = 15.0.28010.2041
MinimumVisualStudioVersion = 12.0.30501.0
Project("{8BC9CEB8-8B4A-11D0-8D11-00A0C91BC942}") = "libgmp", "libgmp.vcxproj", "{02B94302-23D6-43EF-8865-95CDE99D5DC2}"
EndProject
Project("{2150E333-8FDC-42A3-9474-1A3956D46DE8}") = "pre-build (optional)", "pre-build (optional)", "{DC3FA2A1-F2A1-443A-8BD6-F5D5926C871C}"
EndProject
Project("{8BC9CEB8-8B4A-11D0-8D11-00A0C91BC942}") = "gen-bases", "gen-bases.vcxproj", "{90BC19D8-3074-4BB6-BE35-58D46113CBE8}"
EndProject
Project("{8BC9CEB8-8B4A-11D0-8D11-00A0C91BC942}") = "gen-fac", "gen-fac.vcxproj", "{51EF8902-63B3-4579-B816-B4DC3A2789ED}"
EndProject
Project("{8BC9CEB8-8B4A-11D0-8D11-00A0C91BC942}") = "gen-fib", "gen-fib.vcxproj", "{D64CDBFD-FAF5-4AB2-9A7A-3CFAF86A0354}"
EndProject
Project("{8BC9CEB8-8B4A-11D0-8D11-00A0C91BC942}") = "gen-jacobitab", "gen-jacobitab.vcxproj", "{F48FE515-9719-4AB6-8607-01FFBF5ED090}"
EndProject
Project("{8BC9CEB8-8B4A-11D0-8D11-00A0C91BC942}") = "gen-psqr", "gen-psqr.vcxproj", "{6859A4C8-BE7F-4282-8A71-2936AB052205}"
EndProject
Project("{8BC9CEB8-8B4A-11D0-8D11-00A0C91BC942}") = "gen-trialdivtab", "gen-trialdivtab.vcxproj", "{49F542E1-175C-4786-8E77-90BBC0213329}"
EndProject
Global
	GlobalSection(SolutionConfigurationPlatforms) = preSolution
		Debug|x64 = Debug|x64
		Debug|x86 = Debug|x86
		DebugDLL|x64 = DebugDLL|x64
		DebugDLL|x86 = DebugDLL|x86
		DebugDLLWinRT|x64 = DebugDLLWinRT|x64
		DebugDLLWinRT|x86 = DebugDLLWinRT|x86
		DebugWinRT|x64 = DebugWinRT|x64
		DebugWinRT|x86 = DebugWinRT|x86
		Release|x64 = Release|x64
		Release|x86 = Release|x86
		ReleaseDLL|x64 = ReleaseDLL|x64
		ReleaseDLL|x86 = ReleaseDLL|x86
		ReleaseDLLWinRT|x64 = ReleaseDLLWinRT|x64
		ReleaseDLLWinRT|x86 = ReleaseDLLWinRT|x86
		ReleaseWinRT|x64 = ReleaseWinRT|x64
		ReleaseWinRT|x86 = ReleaseWinRT|x86
	EndGlobalSection
	GlobalSection(ProjectConfigurationPlatforms) = postSolution
		{02B94302-23D6-43EF-8865-95CDE99D5DC2}.Debug|x64.ActiveCfg = Debug|x64
		{02B94302-23D6-43EF-8865-95CDE99D5DC2}.Debug|x64.Build.0 = Debug|x64
		{02B94302-23D6-43EF-8865-95CDE99D5DC2}.Debug|x86.ActiveCfg = Debug|Win32
		{02B94302-23D6-43EF-8865-95CDE99D5DC2}.Debug|x86.Build.0 = Debug|Win32
		{02B94302-23D6-43EF-8865-95CDE99D5DC2}.DebugDLL|x64.ActiveCfg = DebugDLL|x64
		{02B94302-23D6-43EF-8865-95CDE99D5DC2}.DebugDLL|x64.Build.0 = DebugDLL|x64
		{02B94302-23D6-43EF-8865-95CDE99D5DC2}.DebugDLL|x86.ActiveCfg = DebugDLL|Win32
		{02B94302-23D6-43EF-8865-95CDE99D5DC2}.DebugDLL|x86.Build.0 = DebugDLL|Win32
		{02B94302-23D6-43EF-8865-95CDE99D5DC2}.DebugDLLWinRT|x64.ActiveCfg = DebugDLLWinRT|x64
		{02B94302-23D6-43EF-8865-95CDE99D5DC2}.DebugDLLWinRT|x64.Build.0 = DebugDLLWinRT|x64
		{02B94302-23D6-43EF-8865-95CDE99D5DC2}.DebugDLLWinRT|x86.ActiveCfg = DebugDLLWinRT|Win32
		{02B94302-23D6-43EF-8865-95CDE99D5DC2}.DebugDLLWinRT|x86.Build.0 = DebugDLLWinRT|Win32
		{02B94302-23D6-43EF-8865-95CDE99D5DC2}.DebugWinRT|x64.ActiveCfg = DebugWinRT|x64
		{02B94302-23D6-43EF-8865-95CDE99D5DC2}.DebugWinRT|x64.Build.0 = DebugWinRT|x64
		{02B94302-23D6-43EF-8865-95CDE99D5DC2}.DebugWinRT|x86.ActiveCfg = DebugWinRT|Win32
		{02B94302-23D6-43EF-8865-95CDE99D5DC2}.DebugWinRT|x86.Build.0 = DebugWinRT|Win32
		{02B94302-23D6-43EF-8865-95CDE99D5DC2}.Release|x64.ActiveCfg = Release|x64
		{02B94302-23D6-43EF-8865-95CDE99D5DC2}.Release|x64.Build.0 = Release|x64
		{02B94302-23D6-43EF-8865-95CDE99D5DC2}.Release|x86.ActiveCfg = Release|Win32
		{02B94302-23D6-43EF-8865-95CDE99D5DC2}.Release|x86.Build.0 = Release|Win32
		{02B94302-23D6-43EF-8865-95CDE99D5DC2}.ReleaseDLL|x64.ActiveCfg = ReleaseDLL|x64
		{02B94302-23D6-43EF-8865-95CDE99D5DC2}.ReleaseDLL|x64.Build.0 = ReleaseDLL|x64
		{02B94302-23D6-43EF-8865-95CDE99D5DC2}.ReleaseDLL|x86.ActiveCfg = ReleaseDLL|Win32
		{02B94302-23D6-43EF-8865-95CDE99D5DC2}.ReleaseDLL|x86.Build.0 = ReleaseDLL|Win32
		{02B94302-23D6-43EF-8865-95CDE99D5DC2}.ReleaseDLLWinRT|x64.ActiveCfg = ReleaseDLLWinRT|x64
		{02B94302-23D6-43EF-8865-95CDE99D5DC2}.ReleaseDLLWinRT|x64.Build.0 = ReleaseDLLWinRT|x64
		{02B94302-23D6-43EF-8865-95CDE99D5DC2}.ReleaseDLLWinRT|x86.ActiveCfg = ReleaseDLLWinRT|Win32
		{02B94302-23D6-43EF-8865-95CDE99D5DC2}.ReleaseDLLWinRT|x86.Build.0 = ReleaseDLLWinRT|Win32
		{02B94302-23D6-43EF-8865-95CDE99D5DC2}.ReleaseWinRT|x64.ActiveCfg = ReleaseWinRT|x64
		{02B94302-23D6-43EF-8865-95CDE99D5DC2}.ReleaseWinRT|x64.Build.0 = ReleaseWinRT|x64
		{02B94302-23D6-43EF-8865-95CDE99D5DC2}.ReleaseWinRT|x86.ActiveCfg = ReleaseWinRT|Win32
		{02B94302-23D6-43EF-8865-95CDE99D5DC2}.ReleaseWinRT|x86.Build.0 = ReleaseWinRT|Win32
		{90BC19D8-3074-4BB6-BE35-58D46113CBE8}.Debug|x64.ActiveCfg = Debug|x64
		{90BC19D8-3074-4BB6-BE35-58D46113CBE8}.Debug|x86.ActiveCfg = Debug|Win32
		{90BC19D8-3074-4BB6-BE35-58D46113CBE8}.DebugDLL|x64.ActiveCfg = Debug|x64
		{90BC19D8-3074-4BB6-BE35-58D46113CBE8}.DebugDLL|x86.ActiveCfg = Debug|Win32
		{90BC19D8-3074-4BB6-BE35-58D46113CBE8}.DebugDLLWinRT|x64.ActiveCfg = Debug|x64
		{90BC19D8-3074-4BB6-BE35-58D46113CBE8}.DebugDLLWinRT|x86.ActiveCfg = Debug|Win32
		{90BC19D8-3074-4BB6-BE35-58D46113CBE8}.DebugWinRT|x64.ActiveCfg = Debug|x64
		{90BC19D8-3074-4BB6-BE35-58D46113CBE8}.DebugWinRT|x86.ActiveCfg = Debug|Win32
		{90BC19D8-3074-4BB6-BE35-58D46113CBE8}.Release|x64.ActiveCfg = Release|x64
		{90BC19D8-3074-4BB6-BE35-58D46113CBE8}.Release|x86.ActiveCfg = Release|Win32
		{90BC19D8-3074-4BB6-BE35-58D46113CBE8}.ReleaseDLL|x64.ActiveCfg = Release|x64
		{90BC19D8-3074-4BB6-BE35-58D46113CBE8}.ReleaseDLL|x86.ActiveCfg = Release|Win32
		{90BC19D8-3074-4BB6-BE35-58D46113CBE8}.ReleaseDLLWinRT|x64.ActiveCfg = Release|x64
		{90BC19D8-3074-4BB6-BE35-58D46113CBE8}.ReleaseDLLWinRT|x86.ActiveCfg = Release|Win32
		{90BC19D8-3074-4BB6-BE35-58D46113CBE8}.ReleaseWinRT|x64.ActiveCfg = Release|x64
		{90BC19D8-3074-4BB6-BE35-58D46113CBE8}.ReleaseWinRT|x86.ActiveCfg = Release|Win32
		{51EF8902-63B3-4579-B816-B4DC3A2789ED}.Debug|x64.ActiveCfg = Debug|x64
		{51EF8902-63B3-4579-B816-B4DC3A2789ED}.Debug|x86.ActiveCfg = Debug|Win32
		{51EF8902-63B3-4579-B816-B4DC3A2789ED}.DebugDLL|x64.ActiveCfg = Debug|x64
		{51EF8902-63B3-4579-B816-B4DC3A2789ED}.DebugDLL|x86.ActiveCfg = Debug|Win32
		{51EF8902-63B3-4579-B816-B4DC3A2789ED}.DebugDLLWinRT|x64.ActiveCfg = Debug|x64
		{51EF8902-63B3-4579-B816-B4DC3A2789ED}.DebugDLLWinRT|x86.ActiveCfg = Debug|Win32
		{51EF8902-63B3-4579-B816-B4DC3A2789ED}.DebugWinRT|x64.ActiveCfg = Debug|x64
		{51EF8902-63B3-4579-B816-B4DC3A2789ED}.DebugWinRT|x86.ActiveCfg = Debug|Win32
		{51EF8902-63B3-4579-B816-B4DC3A2789ED}.Release|x64.ActiveCfg = Release|x64
		{51EF8902-63B3-4579-B816-B4DC3A2789ED}.Release|x86.ActiveCfg = Release|Win32
		{51EF8902-63B3-4579-B816-B4DC3A2789ED}.ReleaseDLL|x64.ActiveCfg = Release|x64
		{51EF8902-63B3-4579-B816-B4DC3A2789ED}.ReleaseDLL|x86.ActiveCfg = Release|Win32
		{51EF8902-63B3-4579-B816-B4DC3A2789ED}.ReleaseDLLWinRT|x64.ActiveCfg = Release|x64
		{51EF8902-63B3-4579-B816-B4DC3A2789ED}.ReleaseDLLWinRT|x86.ActiveCfg = Release|Win32
		{51EF8902-63B3-4579-B816-B4DC3A2789ED}.ReleaseWinRT|x64.ActiveCfg = Release|x64
		{51EF8902-63B3-4579-B816-B4DC3A2789ED}.ReleaseWinRT|x86.ActiveCfg = Release|Win32
		{D64CDBFD-FAF5-4AB2-9A7A-3CFAF86A0354}.Debug|x64.ActiveCfg = Debug|x64
		{D64CDBFD-FAF5-4AB2-9A7A-3CFAF86A0354}.Debug|x86.ActiveCfg = Debug|Win32
		{D64CDBFD-FAF5-4AB2-9A7A-3CFAF86A0354}.DebugDLL|x64.ActiveCfg = Debug|x64
		{D64CDBFD-FAF5-4AB2-9A7A-3CFAF86A0354}.DebugDLL|x86.ActiveCfg = Debug|Win32
		{D64CDBFD-FAF5-4AB2-9A7A-3CFAF86A0354}.DebugDLLWinRT|x64.ActiveCfg = Debug|x64
		{D64CDBFD-FAF5-4AB2-9A7A-3CFAF86A0354}.DebugDLLWinRT|x86.ActiveCfg = Debug|Win32
		{D64CDBFD-FAF5-4AB2-9A7A-3CFAF86A0354}.DebugWinRT|x64.ActiveCfg = Debug|x64
		{D64CDBFD-FAF5-4AB2-9A7A-3CFAF86A0354}.DebugWinRT|x86.ActiveCfg = Debug|Win32
		{D64CDBFD-FAF5-4AB2-9A7A-3CFAF86A0354}.Release|x64.ActiveCfg = Release|x64
		{D64CDBFD-FAF5-4AB2-9A7A-3CFAF86A0354}.Release|x86.ActiveCfg = Release|Win32
		{D64CDBFD-FAF5-4AB2-9A7A-3CFAF86A0354}.ReleaseDLL|x64.ActiveCfg = Release|x64
		{D64CDBFD-FAF5-4AB2-9A7A-3CFAF86A0354}.ReleaseDLL|x86.ActiveCfg = Release|Win32
		{D64CDBFD-FAF5-4AB2-9A7A-3CFAF86A0354}.ReleaseDLLWinRT|x64.ActiveCfg = Release|x64
		{D64CDBFD-FAF5-4AB2-9A7A-3CFAF86A0354}.ReleaseDLLWinRT|x86.ActiveCfg = Release|Win32
		{D64CDBFD-FAF5-4AB2-9A7A-3CFAF86A0354}.ReleaseWinRT|x64.ActiveCfg = Release|x64
		{D64CDBFD-FAF5-4AB2-9A7A-3CFAF86A0354}.ReleaseWinRT|x86.ActiveCfg = Release|Win32
		{F48FE515-9719-4AB6-8607-01FFBF5ED090}.Debug|x64.ActiveCfg = Debug|x64
		{F48FE515-9719-4AB6-8607-01FFBF5ED090}.Debug|x86.ActiveCfg = Debug|Win32
		{F48FE515-9719-4AB6-8607-01FFBF5ED090}.DebugDLL|x64.ActiveCfg = Debug|x64
		{F48FE515-9719-4AB6-8607-01FFBF5ED090}.DebugDLL|x86.ActiveCfg = Debug|Win32
		{F48FE515-9719-4AB6-8607-01FFBF5ED090}.DebugDLLWinRT|x64.ActiveCfg = Debug|x64
		{F48FE515-9719-4AB6-8607-01FFBF5ED090}.DebugDLLWinRT|x86.ActiveCfg = Debug|Win32
		{F48FE515-9719-4AB6-8607-01FFBF5ED090}.DebugWinRT|x64.ActiveCfg = Debug|x64
		{F48FE515-9719-4AB6-8607-01FFBF5ED090}.DebugWinRT|x86.ActiveCfg = Debug|Win32
		{F48FE515-9719-4AB6-8607-01FFBF5ED090}.Release|x64.ActiveCfg = Release|x64
		{F48FE515-9719-4AB6-8607-01FFBF5ED090}.Release|x86.ActiveCfg = Release|Win32
		{F48FE515-9719-4AB6-8607-01FFBF5ED090}.ReleaseDLL|x64.ActiveCfg = Release|x64
		{F48FE515-9719-4AB6-8607-01FFBF5ED090}.ReleaseDLL|x86.ActiveCfg = Release|Win32
		{F48FE515-9719-4AB6-8607-01FFBF5ED090}.ReleaseDLLWinRT|x64.ActiveCfg = Release|x64
		{F48FE515-9719-4AB6-8607-01FFBF5ED090}.ReleaseDLLWinRT|x86.ActiveCfg = Release|Win32
		{F48FE515-9719-4AB6-8607-01FFBF5ED090}.ReleaseWinRT|x64.ActiveCfg = Release|x64
		{F48FE515-9719-4AB6-8607-01FFBF5ED090}.ReleaseWinRT|x86.ActiveCfg = Release|Win32
		{6859A4C8-BE7F-4282-8A71-2936AB052205}.Debug|x64.ActiveCfg = Debug|x64
		{6859A4C8-BE7F-4282-8A71-2936AB052205}.Debug|x86.ActiveCfg = Debug|Win32
		{6859A4C8-BE7F-4282-8A71-2936AB052205}.DebugDLL|x64.ActiveCfg = Debug|x64
		{6859A4C8-BE7F-4282-8A71-2936AB052205}.DebugDLL|x86.ActiveCfg = Debug|Win32
		{6859A4C8-BE7F-4282-8A71-2936AB052205}.DebugDLLWinRT|x64.ActiveCfg = Debug|x64
		{6859A4C8-BE7F-4282-8A71-2936AB052205}.DebugDLLWinRT|x86.ActiveCfg = Debug|Win32
		{6859A4C8-BE7F-4282-8A71-2936AB052205}.DebugWinRT|x64.ActiveCfg = Debug|x64
		{6859A4C8-BE7F-4282-8A71-2936AB052205}.DebugWinRT|x86.ActiveCfg = Debug|Win32
		{6859A4C8-BE7F-4282-8A71-2936AB052205}.Release|x64.ActiveCfg = Release|x64
		{6859A4C8-BE7F-4282-8A71-2936AB052205}.Release|x86.ActiveCfg = Release|Win32
		{6859A4C8-BE7F-4282-8A71-2936AB052205}.ReleaseDLL|x64.ActiveCfg = Release|x64
		{6859A4C8-BE7F-4282-8A71-2936AB052205}.ReleaseDLL|x86.ActiveCfg = Release|Win32
		{6859A4C8-BE7F-4282-8A71-2936AB052205}.ReleaseDLLWinRT|x64.ActiveCfg = Release|x64
		{6859A4C8-BE7F-4282-8A71-2936AB052205}.ReleaseDLLWinRT|x86.ActiveCfg = Release|Win32
		{6859A4C8-BE7F-4282-8A71-2936AB052205}.ReleaseWinRT|x64.ActiveCfg = Release|x64
		{6859A4C8-BE7F-4282-8A71-2936AB052205}.ReleaseWinRT|x86.ActiveCfg = Release|Win32
		{49F542E1-175C-4786-8E77-90BBC0213329}.Debug|x64.ActiveCfg = Debug|x64
		{49F542E1-175C-4786-8E77-90BBC0213329}.Debug|x86.ActiveCfg = Debug|Win32
		{49F542E1-175C-4786-8E77-90BBC0213329}.DebugDLL|x64.ActiveCfg = Debug|x64
		{49F542E1-175C-4786-8E77-90BBC0213329}.DebugDLL|x86.ActiveCfg = Debug|Win32
		{49F542E1-175C-4786-8E77-90BBC0213329}.DebugDLLWinRT|x64.ActiveCfg = Debug|x64
		{49F542E1-175C-4786-8E77-90BBC0213329}.DebugDLLWinRT|x86.ActiveCfg = Debug|Win32
		{49F542E1-175C-4786-8E77-90BBC0213329}.DebugWinRT|x64.ActiveCfg = Debug|x64
		{49F542E1-175C-4786-8E77-90BBC0213329}.DebugWinRT|x86.ActiveCfg = Debug|Win32
		{49F542E1-175C-4786-8E77-90BBC0213329}.Release|x64.ActiveCfg = Release|x64
		{49F542E1-175C-4786-8E77-90BBC0213329}.Release|x86.ActiveCfg = Release|Win32
		{49F542E1-175C-4786-8E77-90BBC0213329}.ReleaseDLL|x64.ActiveCfg = Release|x64
		{49F542E1-175C-4786-8E77-90BBC0213329}.ReleaseDLL|x86.ActiveCfg = Release|Win32
		{49F542E1-175C-4786-8E77-90BBC0213329}.ReleaseDLLWinRT|x64.ActiveCfg = Release|x64
		{49F542E1-175C-4786-8E77-90BBC0213329}.ReleaseDLLWinRT|x86.ActiveCfg = Release|Win32
		{49F542E1-175C-4786-8E77-90BBC0213329}.ReleaseWinRT|x64.ActiveCfg = Release|x64
		{49F542E1-175C-4786-8E77-90BBC0213329}.ReleaseWinRT|x86.ActiveCfg = Release|Win32
	EndGlobalSection
	GlobalSection(SolutionProperties) = preSolution
		HideSolutionNode = FALSE
	EndGlobalSection
	GlobalSection(NestedProjects) = preSolution
		{90BC19D8-3074-4BB6-BE35-58D46113CBE8} = {DC3FA2A1-F2A1-443A-8BD6-F5D5926C871C}
		{51EF8902-63B3-4579-B816-B4DC3A2789ED} = {DC3FA2A1-F2A1-443A-8BD6-F5D5926C871C}
		{D64CDBFD-FAF5-4AB2-9A7A-3CFAF86A0354} = {DC3FA2A1-F2A1-443A-8BD6-F5D5926C871C}
		{F48FE515-9719-4AB6-8607-01FFBF5ED090} = {DC3FA2A1-F2A1-443A-8BD6-F5D5926C871C}
		{6859A4C8-BE7F-4282-8A71-2936AB052205} = {DC3FA2A1-F2A1-443A-8BD6-F5D5926C871C}
		{49F542E1-175C-4786-8E77-90BBC0213329} = {DC3FA2A1-F2A1-443A-8BD6-F5D5926C871C}
	EndGlobalSection
	GlobalSection(ExtensibilityGlobals) = postSolution
		SolutionGuid = {238B2963-B69D-4F7C-A693-D76D09ADF07B}
	EndGlobalSection
EndGlobal
